// !$*UTF8*$!
{
	archiveVersion = 1;
	classes = {
	};
	objectVersion = 46;
	objects = {

/* Begin PBXBuildFile section */
		720AC1B31CE70EED00898A87 /* SongData.swift in Sources */ = {isa = PBXBuildFile; fileRef = 720AC1B21CE70EED00898A87 /* SongData.swift */; };
		720AC1B61CE799A400898A87 /* Constants.swift in Sources */ = {isa = PBXBuildFile; fileRef = 720AC1B51CE799A400898A87 /* Constants.swift */; };
		720AC1B81CE7A61500898A87 /* RealmFactory.swift in Sources */ = {isa = PBXBuildFile; fileRef = 720AC1B71CE7A61500898A87 /* RealmFactory.swift */; };
		720B344F1CF60646001D8893 /* MusicPlayerController.swift in Sources */ = {isa = PBXBuildFile; fileRef = 720B344E1CF60646001D8893 /* MusicPlayerController.swift */; };
		720B346F1CF74D9D001D8893 /* UIColor+Sport.swift in Sources */ = {isa = PBXBuildFile; fileRef = 720B346E1CF74D9D001D8893 /* UIColor+Sport.swift */; };
		720B34771CF75278001D8893 /* Ionicons.swift in Sources */ = {isa = PBXBuildFile; fileRef = 720B34761CF75278001D8893 /* Ionicons.swift */; };
		720B34781CF75EFA001D8893 /* ionicons.ttf in Resources */ = {isa = PBXBuildFile; fileRef = 720B34741CF75149001D8893 /* ionicons.ttf */; };
		720B347E1CF89A70001D8893 /* MusicPlayerView.swift in Sources */ = {isa = PBXBuildFile; fileRef = 720B347D1CF89A70001D8893 /* MusicPlayerView.swift */; };
		720B34801CF89A92001D8893 /* MusicPlayerPresenter.swift in Sources */ = {isa = PBXBuildFile; fileRef = 720B347F1CF89A92001D8893 /* MusicPlayerPresenter.swift */; };
		720B34821CF89AA6001D8893 /* MusicPlayerPresenterImpl.swift in Sources */ = {isa = PBXBuildFile; fileRef = 720B34811CF89AA6001D8893 /* MusicPlayerPresenterImpl.swift */; };
		720B34881CF8AC45001D8893 /* MusicLibraryController.swift in Sources */ = {isa = PBXBuildFile; fileRef = 720B34871CF8AC45001D8893 /* MusicLibraryController.swift */; };
		720B348A1CF8AD87001D8893 /* MusicLibraryView.swift in Sources */ = {isa = PBXBuildFile; fileRef = 720B34891CF8AD87001D8893 /* MusicLibraryView.swift */; };
		720B348C1CF8B03B001D8893 /* MusicLibraryPresenter.swift in Sources */ = {isa = PBXBuildFile; fileRef = 720B348B1CF8B03B001D8893 /* MusicLibraryPresenter.swift */; };
		720B348E1CF8B04A001D8893 /* MusicLibraryPresenterImpl.swift in Sources */ = {isa = PBXBuildFile; fileRef = 720B348D1CF8B04A001D8893 /* MusicLibraryPresenterImpl.swift */; };
		720B34901CF8BA4E001D8893 /* SongTableCell.swift in Sources */ = {isa = PBXBuildFile; fileRef = 720B348F1CF8BA4E001D8893 /* SongTableCell.swift */; };
		720B34941CF9E4EE001D8893 /* MusicPlayerRouter.swift in Sources */ = {isa = PBXBuildFile; fileRef = 720B34931CF9E4EE001D8893 /* MusicPlayerRouter.swift */; };
		720B34961CF9E4FD001D8893 /* MusicPlayerRouterImpl.swift in Sources */ = {isa = PBXBuildFile; fileRef = 720B34951CF9E4FD001D8893 /* MusicPlayerRouterImpl.swift */; };
		720B34991CFC9973001D8893 /* SPAudioPlayer.swift in Sources */ = {isa = PBXBuildFile; fileRef = 720B34981CFC9973001D8893 /* SPAudioPlayer.swift */; };
		720B349B1CFCD946001D8893 /* big.mp3 in Resources */ = {isa = PBXBuildFile; fileRef = 720B349A1CFCD946001D8893 /* big.mp3 */; };
		720B34B11CFF2855001D8893 /* SPPlayerItem.swift in Sources */ = {isa = PBXBuildFile; fileRef = 720B34B01CFF2855001D8893 /* SPPlayerItem.swift */; };
		720B34B41CFF5317001D8893 /* SPPlayerItemAdapter.swift in Sources */ = {isa = PBXBuildFile; fileRef = 720B34B31CFF5317001D8893 /* SPPlayerItemAdapter.swift */; };
		722BE8DC1CECD44400E51D68 /* BundleSyncManager.swift in Sources */ = {isa = PBXBuildFile; fileRef = 722BE8DB1CECD44400E51D68 /* BundleSyncManager.swift */; };
		722BE8E41CEE191E00E51D68 /* songs in Resources */ = {isa = PBXBuildFile; fileRef = 722BE8E31CEE191E00E51D68 /* songs */; };
		72349B531CDDFBA4002B3B84 /* AppDelegate.swift in Sources */ = {isa = PBXBuildFile; fileRef = 72349B521CDDFBA4002B3B84 /* AppDelegate.swift */; };
		72349B581CDDFBA4002B3B84 /* Main.storyboard in Resources */ = {isa = PBXBuildFile; fileRef = 72349B561CDDFBA4002B3B84 /* Main.storyboard */; };
		72349B5A1CDDFBA4002B3B84 /* Assets.xcassets in Resources */ = {isa = PBXBuildFile; fileRef = 72349B591CDDFBA4002B3B84 /* Assets.xcassets */; };
		72349B5D1CDDFBA4002B3B84 /* LaunchScreen.storyboard in Resources */ = {isa = PBXBuildFile; fileRef = 72349B5B1CDDFBA4002B3B84 /* LaunchScreen.storyboard */; };
		723EDB1C1D088AA6008ADCA9 /* SongUtils.swift in Sources */ = {isa = PBXBuildFile; fileRef = 723EDB1B1D088AA6008ADCA9 /* SongUtils.swift */; };
		72468B961CEA2ACC00EFBF62 /* AnalysisOutput.m in Sources */ = {isa = PBXBuildFile; fileRef = 72468B951CEA2ACC00EFBF62 /* AnalysisOutput.m */; };
		72468B981CEA3B3C00EFBF62 /* SongSyncManager.swift in Sources */ = {isa = PBXBuildFile; fileRef = 72468B971CEA3B3C00EFBF62 /* SongSyncManager.swift */; };
		72571D4A1D0DA24C001198E5 /* SPTrackPad.swift in Sources */ = {isa = PBXBuildFile; fileRef = 72571D491D0DA24C001198E5 /* SPTrackPad.swift */; };
		72571D6D1D0F2F14001198E5 /* Localization.strings in Resources */ = {isa = PBXBuildFile; fileRef = 72571D6F1D0F2F14001198E5 /* Localization.strings */; };
		72571D711D0F329E001198E5 /* Localization.swift in Sources */ = {isa = PBXBuildFile; fileRef = 72571D701D0F329E001198E5 /* Localization.swift */; };
		725EF46C1D132DD3001F050B /* SPActivityRateView.swift in Sources */ = {isa = PBXBuildFile; fileRef = 725EF46B1D132DD3001F050B /* SPActivityRateView.swift */; };
		7297330C1D034869000A6384 /* SongViewData.swift in Sources */ = {isa = PBXBuildFile; fileRef = 7297330B1D034869000A6384 /* SongViewData.swift */; };
		7297330E1D0348CE000A6384 /* PlaylistSongCell.swift in Sources */ = {isa = PBXBuildFile; fileRef = 7297330D1D0348CE000A6384 /* PlaylistSongCell.swift */; };
		729D088A1D11BC04001AC7B2 /* aubio.framework in Frameworks */ = {isa = PBXBuildFile; fileRef = 72A6BC501CE24CE7007C0254 /* aubio.framework */; };
		72A6BC571CE386DD007C0254 /* AubioWrapper.m in Sources */ = {isa = PBXBuildFile; fileRef = 72A6BC561CE386DD007C0254 /* AubioWrapper.m */; };
		72A6BC9B1CE4DDB7007C0254 /* SongAnalyzer.swift in Sources */ = {isa = PBXBuildFile; fileRef = 72A6BC9A1CE4DDB7007C0254 /* SongAnalyzer.swift */; };
		72A6BC9D1CE4EBAD007C0254 /* String+Extension.swift in Sources */ = {isa = PBXBuildFile; fileRef = 72A6BC9C1CE4EBAD007C0254 /* String+Extension.swift */; };
		72A6BC9F1CE4F695007C0254 /* FileManager.swift in Sources */ = {isa = PBXBuildFile; fileRef = 72A6BC9E1CE4F695007C0254 /* FileManager.swift */; };
		72A8C3D21D0C8DD700DF08DF /* TNSlider.swift in Sources */ = {isa = PBXBuildFile; fileRef = 72A8C3CF1D0C8DD700DF08DF /* TNSlider.swift */; };
		72A8C3D31D0C8DD700DF08DF /* TNTextLayer.swift in Sources */ = {isa = PBXBuildFile; fileRef = 72A8C3D01D0C8DD700DF08DF /* TNTextLayer.swift */; };
		72A8C3D41D0C8DD700DF08DF /* TNTrackLayer.swift in Sources */ = {isa = PBXBuildFile; fileRef = 72A8C3D11D0C8DD700DF08DF /* TNTrackLayer.swift */; };
		72B91D691CDF2266000E4923 /* MediaPlayer.framework in Frameworks */ = {isa = PBXBuildFile; fileRef = 72B91D681CDF2266000E4923 /* MediaPlayer.framework */; };
		72B91D6E1CDF2EA6000E4923 /* HomeViewController.swift in Sources */ = {isa = PBXBuildFile; fileRef = 72B91D6D1CDF2EA6000E4923 /* HomeViewController.swift */; };
		72B91D741CDF2F1F000E4923 /* HomePresenter.swift in Sources */ = {isa = PBXBuildFile; fileRef = 72B91D731CDF2F1F000E4923 /* HomePresenter.swift */; };
		72B91D761CDF34DA000E4923 /* HomePresenterImpl.swift in Sources */ = {isa = PBXBuildFile; fileRef = 72B91D751CDF34DA000E4923 /* HomePresenterImpl.swift */; };
		72B91D781CDF4ABF000E4923 /* HomeView.swift in Sources */ = {isa = PBXBuildFile; fileRef = 72B91D771CDF4ABF000E4923 /* HomeView.swift */; };
		72B91D7A1CDF6B52000E4923 /* ItunesSyncManager.swift in Sources */ = {isa = PBXBuildFile; fileRef = 72B91D791CDF6B52000E4923 /* ItunesSyncManager.swift */; };
		72B91D7E1CE2165D000E4923 /* AVFoundation.framework in Frameworks */ = {isa = PBXBuildFile; fileRef = 72B91D7D1CE2165D000E4923 /* AVFoundation.framework */; };
		72E11C8D1D152BC30024803E /* EssentiaWrapper.mm in Sources */ = {isa = PBXBuildFile; fileRef = 72E11C8C1D152BC30024803E /* EssentiaWrapper.mm */; };
		72E11CF21D15819A0024803E /* libessentia.a in Frameworks */ = {isa = PBXBuildFile; fileRef = 72E11CF11D15819A0024803E /* libessentia.a */; };
		72E85BD51D040E790025CAFE /* DependencyInjector.swift in Sources */ = {isa = PBXBuildFile; fileRef = 72E85BD41D040E790025CAFE /* DependencyInjector.swift */; };
		72F6F0CB1CE896B800142CD0 /* SPSlider.swift in Sources */ = {isa = PBXBuildFile; fileRef = 72F6F0CA1CE896B800142CD0 /* SPSlider.swift */; };
		72F6F0CF1CE8C80000142CD0 /* AppUserDefaults.swift in Sources */ = {isa = PBXBuildFile; fileRef = 72F6F0CE1CE8C80000142CD0 /* AppUserDefaults.swift */; };
		72F6F0D21CE8E59800142CD0 /* SongRepository.swift in Sources */ = {isa = PBXBuildFile; fileRef = 72F6F0D11CE8E59800142CD0 /* SongRepository.swift */; };
		72F6F0D41CE8E7E600142CD0 /* SongRealmRepository.swift in Sources */ = {isa = PBXBuildFile; fileRef = 72F6F0D31CE8E7E600142CD0 /* SongRealmRepository.swift */; };
		A1789A8E397D18DF87869E04 /* Pods_Sport.framework in Frameworks */ = {isa = PBXBuildFile; fileRef = 9DC91002C9502203A1525AEB /* Pods_Sport.framework */; };
		A73913741CE47E4E00874A04 /* Accelerate.framework in Frameworks */ = {isa = PBXBuildFile; fileRef = A73913731CE47E4E00874A04 /* Accelerate.framework */; };
/* End PBXBuildFile section */

/* Begin PBXCopyFilesBuildPhase section */
		72E11C891D1528FB0024803E /* Embed Frameworks */ = {
			isa = PBXCopyFilesBuildPhase;
			buildActionMask = 2147483647;
			dstPath = "";
			dstSubfolderSpec = 10;
			files = (
			);
			name = "Embed Frameworks";
			runOnlyForDeploymentPostprocessing = 0;
		};
/* End PBXCopyFilesBuildPhase section */

/* Begin PBXFileReference section */
		720AC1B21CE70EED00898A87 /* SongData.swift */ = {isa = PBXFileReference; fileEncoding = 4; lastKnownFileType = sourcecode.swift; path = SongData.swift; sourceTree = "<group>"; };
		720AC1B51CE799A400898A87 /* Constants.swift */ = {isa = PBXFileReference; fileEncoding = 4; lastKnownFileType = sourcecode.swift; path = Constants.swift; sourceTree = "<group>"; };
		720AC1B71CE7A61500898A87 /* RealmFactory.swift */ = {isa = PBXFileReference; fileEncoding = 4; lastKnownFileType = sourcecode.swift; path = RealmFactory.swift; sourceTree = "<group>"; };
		720B344E1CF60646001D8893 /* MusicPlayerController.swift */ = {isa = PBXFileReference; fileEncoding = 4; lastKnownFileType = sourcecode.swift; path = MusicPlayerController.swift; sourceTree = "<group>"; };
		720B346E1CF74D9D001D8893 /* UIColor+Sport.swift */ = {isa = PBXFileReference; fileEncoding = 4; lastKnownFileType = sourcecode.swift; path = "UIColor+Sport.swift"; sourceTree = "<group>"; };
		720B34741CF75149001D8893 /* ionicons.ttf */ = {isa = PBXFileReference; lastKnownFileType = file; path = ionicons.ttf; sourceTree = "<group>"; };
		720B34761CF75278001D8893 /* Ionicons.swift */ = {isa = PBXFileReference; fileEncoding = 4; lastKnownFileType = sourcecode.swift; path = Ionicons.swift; sourceTree = "<group>"; };
		720B347D1CF89A70001D8893 /* MusicPlayerView.swift */ = {isa = PBXFileReference; fileEncoding = 4; lastKnownFileType = sourcecode.swift; path = MusicPlayerView.swift; sourceTree = "<group>"; };
		720B347F1CF89A92001D8893 /* MusicPlayerPresenter.swift */ = {isa = PBXFileReference; fileEncoding = 4; lastKnownFileType = sourcecode.swift; path = MusicPlayerPresenter.swift; sourceTree = "<group>"; };
		720B34811CF89AA6001D8893 /* MusicPlayerPresenterImpl.swift */ = {isa = PBXFileReference; fileEncoding = 4; lastKnownFileType = sourcecode.swift; path = MusicPlayerPresenterImpl.swift; sourceTree = "<group>"; };
		720B34871CF8AC45001D8893 /* MusicLibraryController.swift */ = {isa = PBXFileReference; fileEncoding = 4; lastKnownFileType = sourcecode.swift; path = MusicLibraryController.swift; sourceTree = "<group>"; };
		720B34891CF8AD87001D8893 /* MusicLibraryView.swift */ = {isa = PBXFileReference; fileEncoding = 4; lastKnownFileType = sourcecode.swift; path = MusicLibraryView.swift; sourceTree = "<group>"; };
		720B348B1CF8B03B001D8893 /* MusicLibraryPresenter.swift */ = {isa = PBXFileReference; fileEncoding = 4; lastKnownFileType = sourcecode.swift; path = MusicLibraryPresenter.swift; sourceTree = "<group>"; };
		720B348D1CF8B04A001D8893 /* MusicLibraryPresenterImpl.swift */ = {isa = PBXFileReference; fileEncoding = 4; lastKnownFileType = sourcecode.swift; path = MusicLibraryPresenterImpl.swift; sourceTree = "<group>"; };
		720B348F1CF8BA4E001D8893 /* SongTableCell.swift */ = {isa = PBXFileReference; fileEncoding = 4; lastKnownFileType = sourcecode.swift; path = SongTableCell.swift; sourceTree = "<group>"; };
		720B34931CF9E4EE001D8893 /* MusicPlayerRouter.swift */ = {isa = PBXFileReference; fileEncoding = 4; lastKnownFileType = sourcecode.swift; path = MusicPlayerRouter.swift; sourceTree = "<group>"; };
		720B34951CF9E4FD001D8893 /* MusicPlayerRouterImpl.swift */ = {isa = PBXFileReference; fileEncoding = 4; lastKnownFileType = sourcecode.swift; path = MusicPlayerRouterImpl.swift; sourceTree = "<group>"; };
		720B34981CFC9973001D8893 /* SPAudioPlayer.swift */ = {isa = PBXFileReference; fileEncoding = 4; lastKnownFileType = sourcecode.swift; path = SPAudioPlayer.swift; sourceTree = "<group>"; };
		720B349A1CFCD946001D8893 /* big.mp3 */ = {isa = PBXFileReference; lastKnownFileType = audio.mp3; name = big.mp3; path = ../big.mp3; sourceTree = "<group>"; };
		720B34B01CFF2855001D8893 /* SPPlayerItem.swift */ = {isa = PBXFileReference; fileEncoding = 4; lastKnownFileType = sourcecode.swift; path = SPPlayerItem.swift; sourceTree = "<group>"; };
		720B34B31CFF5317001D8893 /* SPPlayerItemAdapter.swift */ = {isa = PBXFileReference; fileEncoding = 4; lastKnownFileType = sourcecode.swift; path = SPPlayerItemAdapter.swift; sourceTree = "<group>"; };
		722BE8DB1CECD44400E51D68 /* BundleSyncManager.swift */ = {isa = PBXFileReference; fileEncoding = 4; lastKnownFileType = sourcecode.swift; path = BundleSyncManager.swift; sourceTree = "<group>"; };
		722BE8E31CEE191E00E51D68 /* songs */ = {isa = PBXFileReference; lastKnownFileType = folder; path = songs; sourceTree = "<group>"; };
		72349B4F1CDDFBA4002B3B84 /* Sport.app */ = {isa = PBXFileReference; explicitFileType = wrapper.application; includeInIndex = 0; path = Sport.app; sourceTree = BUILT_PRODUCTS_DIR; };
		72349B521CDDFBA4002B3B84 /* AppDelegate.swift */ = {isa = PBXFileReference; lastKnownFileType = sourcecode.swift; path = AppDelegate.swift; sourceTree = "<group>"; };
		72349B571CDDFBA4002B3B84 /* Base */ = {isa = PBXFileReference; lastKnownFileType = file.storyboard; name = Base; path = Base.lproj/Main.storyboard; sourceTree = "<group>"; };
		72349B591CDDFBA4002B3B84 /* Assets.xcassets */ = {isa = PBXFileReference; lastKnownFileType = folder.assetcatalog; name = Assets.xcassets; path = ../Assets.xcassets; sourceTree = "<group>"; };
		72349B5C1CDDFBA4002B3B84 /* Base */ = {isa = PBXFileReference; lastKnownFileType = file.storyboard; name = Base; path = Base.lproj/LaunchScreen.storyboard; sourceTree = "<group>"; };
		72349B5E1CDDFBA4002B3B84 /* Info.plist */ = {isa = PBXFileReference; lastKnownFileType = text.plist.xml; name = Info.plist; path = ../Info.plist; sourceTree = "<group>"; };
		723EDB1B1D088AA6008ADCA9 /* SongUtils.swift */ = {isa = PBXFileReference; fileEncoding = 4; lastKnownFileType = sourcecode.swift; path = SongUtils.swift; sourceTree = "<group>"; };
		72468B941CEA2ACC00EFBF62 /* AnalysisOutput.h */ = {isa = PBXFileReference; fileEncoding = 4; lastKnownFileType = sourcecode.c.h; path = AnalysisOutput.h; sourceTree = "<group>"; };
		72468B951CEA2ACC00EFBF62 /* AnalysisOutput.m */ = {isa = PBXFileReference; fileEncoding = 4; lastKnownFileType = sourcecode.c.objc; path = AnalysisOutput.m; sourceTree = "<group>"; };
		72468B971CEA3B3C00EFBF62 /* SongSyncManager.swift */ = {isa = PBXFileReference; fileEncoding = 4; lastKnownFileType = sourcecode.swift; path = SongSyncManager.swift; sourceTree = "<group>"; };
		72571D491D0DA24C001198E5 /* SPTrackPad.swift */ = {isa = PBXFileReference; fileEncoding = 4; lastKnownFileType = sourcecode.swift; path = SPTrackPad.swift; sourceTree = "<group>"; };
		72571D6E1D0F2F14001198E5 /* en */ = {isa = PBXFileReference; lastKnownFileType = text.plist.strings; name = en; path = en.lproj/Localization.strings; sourceTree = "<group>"; };
		72571D701D0F329E001198E5 /* Localization.swift */ = {isa = PBXFileReference; fileEncoding = 4; lastKnownFileType = sourcecode.swift; path = Localization.swift; sourceTree = "<group>"; };
		725EF46B1D132DD3001F050B /* SPActivityRateView.swift */ = {isa = PBXFileReference; fileEncoding = 4; lastKnownFileType = sourcecode.swift; path = SPActivityRateView.swift; sourceTree = "<group>"; };
		7297330B1D034869000A6384 /* SongViewData.swift */ = {isa = PBXFileReference; fileEncoding = 4; lastKnownFileType = sourcecode.swift; path = SongViewData.swift; sourceTree = "<group>"; };
		7297330D1D0348CE000A6384 /* PlaylistSongCell.swift */ = {isa = PBXFileReference; fileEncoding = 4; lastKnownFileType = sourcecode.swift; path = PlaylistSongCell.swift; sourceTree = "<group>"; };
		72A6BC501CE24CE7007C0254 /* aubio.framework */ = {isa = PBXFileReference; lastKnownFileType = wrapper.framework; name = aubio.framework; path = Sport/Frameworks/aubio.framework; sourceTree = "<group>"; };
		72A6BC521CE24F6E007C0254 /* BridgingHeader.h */ = {isa = PBXFileReference; lastKnownFileType = sourcecode.c.h; path = BridgingHeader.h; sourceTree = "<group>"; };
		72A6BC551CE386DD007C0254 /* AubioWrapper.h */ = {isa = PBXFileReference; fileEncoding = 4; lastKnownFileType = sourcecode.c.h; path = AubioWrapper.h; sourceTree = "<group>"; };
		72A6BC561CE386DD007C0254 /* AubioWrapper.m */ = {isa = PBXFileReference; fileEncoding = 4; lastKnownFileType = sourcecode.c.objc; path = AubioWrapper.m; sourceTree = "<group>"; };
		72A6BC9A1CE4DDB7007C0254 /* SongAnalyzer.swift */ = {isa = PBXFileReference; fileEncoding = 4; lastKnownFileType = sourcecode.swift; path = SongAnalyzer.swift; sourceTree = "<group>"; };
		72A6BC9C1CE4EBAD007C0254 /* String+Extension.swift */ = {isa = PBXFileReference; fileEncoding = 4; lastKnownFileType = sourcecode.swift; path = "String+Extension.swift"; sourceTree = "<group>"; };
		72A6BC9E1CE4F695007C0254 /* FileManager.swift */ = {isa = PBXFileReference; fileEncoding = 4; lastKnownFileType = sourcecode.swift; path = FileManager.swift; sourceTree = "<group>"; };
		72A8C3CF1D0C8DD700DF08DF /* TNSlider.swift */ = {isa = PBXFileReference; fileEncoding = 4; lastKnownFileType = sourcecode.swift; path = TNSlider.swift; sourceTree = "<group>"; };
		72A8C3D01D0C8DD700DF08DF /* TNTextLayer.swift */ = {isa = PBXFileReference; fileEncoding = 4; lastKnownFileType = sourcecode.swift; path = TNTextLayer.swift; sourceTree = "<group>"; };
		72A8C3D11D0C8DD700DF08DF /* TNTrackLayer.swift */ = {isa = PBXFileReference; fileEncoding = 4; lastKnownFileType = sourcecode.swift; path = TNTrackLayer.swift; sourceTree = "<group>"; };
		72B91D681CDF2266000E4923 /* MediaPlayer.framework */ = {isa = PBXFileReference; lastKnownFileType = wrapper.framework; name = MediaPlayer.framework; path = System/Library/Frameworks/MediaPlayer.framework; sourceTree = SDKROOT; };
		72B91D6D1CDF2EA6000E4923 /* HomeViewController.swift */ = {isa = PBXFileReference; fileEncoding = 4; lastKnownFileType = sourcecode.swift; path = HomeViewController.swift; sourceTree = "<group>"; };
		72B91D731CDF2F1F000E4923 /* HomePresenter.swift */ = {isa = PBXFileReference; fileEncoding = 4; lastKnownFileType = sourcecode.swift; path = HomePresenter.swift; sourceTree = "<group>"; };
		72B91D751CDF34DA000E4923 /* HomePresenterImpl.swift */ = {isa = PBXFileReference; fileEncoding = 4; lastKnownFileType = sourcecode.swift; path = HomePresenterImpl.swift; sourceTree = "<group>"; };
		72B91D771CDF4ABF000E4923 /* HomeView.swift */ = {isa = PBXFileReference; fileEncoding = 4; lastKnownFileType = sourcecode.swift; path = HomeView.swift; sourceTree = "<group>"; };
		72B91D791CDF6B52000E4923 /* ItunesSyncManager.swift */ = {isa = PBXFileReference; fileEncoding = 4; lastKnownFileType = sourcecode.swift; path = ItunesSyncManager.swift; sourceTree = "<group>"; };
		72B91D7D1CE2165D000E4923 /* AVFoundation.framework */ = {isa = PBXFileReference; lastKnownFileType = wrapper.framework; name = AVFoundation.framework; path = System/Library/Frameworks/AVFoundation.framework; sourceTree = SDKROOT; };
		72E11C8B1D152BC30024803E /* EssentiaWrapper.h */ = {isa = PBXFileReference; fileEncoding = 4; lastKnownFileType = sourcecode.c.h; path = EssentiaWrapper.h; sourceTree = "<group>"; };
		72E11C8C1D152BC30024803E /* EssentiaWrapper.mm */ = {isa = PBXFileReference; fileEncoding = 4; lastKnownFileType = sourcecode.cpp.objcpp; path = EssentiaWrapper.mm; sourceTree = "<group>"; };
		72E11C901D15819A0024803E /* algorithm.h */ = {isa = PBXFileReference; fileEncoding = 4; lastKnownFileType = sourcecode.c.h; path = algorithm.h; sourceTree = "<group>"; };
		72E11C911D15819A0024803E /* algorithmfactory.h */ = {isa = PBXFileReference; fileEncoding = 4; lastKnownFileType = sourcecode.c.h; path = algorithmfactory.h; sourceTree = "<group>"; };
		72E11C921D15819A0024803E /* algorithmfactory_impl.h */ = {isa = PBXFileReference; fileEncoding = 4; lastKnownFileType = sourcecode.c.h; path = algorithmfactory_impl.h; sourceTree = "<group>"; };
		72E11C931D15819A0024803E /* config.h */ = {isa = PBXFileReference; fileEncoding = 4; lastKnownFileType = sourcecode.c.h; path = config.h; sourceTree = "<group>"; };
		72E11C941D15819A0024803E /* configurable.h */ = {isa = PBXFileReference; fileEncoding = 4; lastKnownFileType = sourcecode.c.h; path = configurable.h; sourceTree = "<group>"; };
		72E11C951D15819A0024803E /* connector.h */ = {isa = PBXFileReference; fileEncoding = 4; lastKnownFileType = sourcecode.c.h; path = connector.h; sourceTree = "<group>"; };
		72E11C961D15819A0024803E /* debugging.h */ = {isa = PBXFileReference; fileEncoding = 4; lastKnownFileType = sourcecode.c.h; path = debugging.h; sourceTree = "<group>"; };
		72E11C971D15819A0024803E /* essentia.h */ = {isa = PBXFileReference; fileEncoding = 4; lastKnownFileType = sourcecode.c.h; path = essentia.h; sourceTree = "<group>"; };
		72E11C981D15819A0024803E /* essentiamath.h */ = {isa = PBXFileReference; fileEncoding = 4; lastKnownFileType = sourcecode.c.h; path = essentiamath.h; sourceTree = "<group>"; };
		72E11C991D15819A0024803E /* essentiautil.h */ = {isa = PBXFileReference; fileEncoding = 4; lastKnownFileType = sourcecode.c.h; path = essentiautil.h; sourceTree = "<group>"; };
		72E11C9A1D15819A0024803E /* iotypewrappers.h */ = {isa = PBXFileReference; fileEncoding = 4; lastKnownFileType = sourcecode.c.h; path = iotypewrappers.h; sourceTree = "<group>"; };
		72E11C9B1D15819A0024803E /* iotypewrappers_impl.h */ = {isa = PBXFileReference; fileEncoding = 4; lastKnownFileType = sourcecode.c.h; path = iotypewrappers_impl.h; sourceTree = "<group>"; };
		72E11C9C1D15819A0024803E /* parameter.h */ = {isa = PBXFileReference; fileEncoding = 4; lastKnownFileType = sourcecode.c.h; path = parameter.h; sourceTree = "<group>"; };
		72E11C9D1D15819A0024803E /* pool.h */ = {isa = PBXFileReference; fileEncoding = 4; lastKnownFileType = sourcecode.c.h; path = pool.h; sourceTree = "<group>"; };
		72E11C9E1D15819A0024803E /* range.h */ = {isa = PBXFileReference; fileEncoding = 4; lastKnownFileType = sourcecode.c.h; path = range.h; sourceTree = "<group>"; };
		72E11C9F1D15819A0024803E /* roguevector.h */ = {isa = PBXFileReference; fileEncoding = 4; lastKnownFileType = sourcecode.c.h; path = roguevector.h; sourceTree = "<group>"; };
		72E11CA11D15819A0024803E /* graphutils.h */ = {isa = PBXFileReference; fileEncoding = 4; lastKnownFileType = sourcecode.c.h; path = graphutils.h; sourceTree = "<group>"; };
		72E11CA21D15819A0024803E /* network.h */ = {isa = PBXFileReference; fileEncoding = 4; lastKnownFileType = sourcecode.c.h; path = network.h; sourceTree = "<group>"; };
		72E11CA31D15819A0024803E /* networkparser.h */ = {isa = PBXFileReference; fileEncoding = 4; lastKnownFileType = sourcecode.c.h; path = networkparser.h; sourceTree = "<group>"; };
		72E11CA41D15819A0024803E /* streamconnector.h */ = {isa = PBXFileReference; fileEncoding = 4; lastKnownFileType = sourcecode.c.h; path = streamconnector.h; sourceTree = "<group>"; };
		72E11CA61D15819A0024803E /* accumulatoralgorithm.h */ = {isa = PBXFileReference; fileEncoding = 4; lastKnownFileType = sourcecode.c.h; path = accumulatoralgorithm.h; sourceTree = "<group>"; };
		72E11CA81D15819A0024803E /* copy.h */ = {isa = PBXFileReference; fileEncoding = 4; lastKnownFileType = sourcecode.c.h; path = copy.h; sourceTree = "<group>"; };
		72E11CA91D15819A0024803E /* devnull.h */ = {isa = PBXFileReference; fileEncoding = 4; lastKnownFileType = sourcecode.c.h; path = devnull.h; sourceTree = "<group>"; };
		72E11CAA1D15819A0024803E /* diskwriter.h */ = {isa = PBXFileReference; fileEncoding = 4; lastKnownFileType = sourcecode.c.h; path = diskwriter.h; sourceTree = "<group>"; };
		72E11CAB1D15819A0024803E /* fileoutput.h */ = {isa = PBXFileReference; fileEncoding = 4; lastKnownFileType = sourcecode.c.h; path = fileoutput.h; sourceTree = "<group>"; };
		72E11CAC1D15819A0024803E /* poolstorage.h */ = {isa = PBXFileReference; fileEncoding = 4; lastKnownFileType = sourcecode.c.h; path = poolstorage.h; sourceTree = "<group>"; };
		72E11CAD1D15819A0024803E /* ringbufferinput.h */ = {isa = PBXFileReference; fileEncoding = 4; lastKnownFileType = sourcecode.c.h; path = ringbufferinput.h; sourceTree = "<group>"; };
		72E11CAE1D15819A0024803E /* ringbufferoutput.h */ = {isa = PBXFileReference; fileEncoding = 4; lastKnownFileType = sourcecode.c.h; path = ringbufferoutput.h; sourceTree = "<group>"; };
		72E11CAF1D15819A0024803E /* ringbuffervectoroutput.h */ = {isa = PBXFileReference; fileEncoding = 4; lastKnownFileType = sourcecode.c.h; path = ringbuffervectoroutput.h; sourceTree = "<group>"; };
		72E11CB01D15819A0024803E /* vectorinput.h */ = {isa = PBXFileReference; fileEncoding = 4; lastKnownFileType = sourcecode.c.h; path = vectorinput.h; sourceTree = "<group>"; };
		72E11CB11D15819A0024803E /* vectoroutput.h */ = {isa = PBXFileReference; fileEncoding = 4; lastKnownFileType = sourcecode.c.h; path = vectoroutput.h; sourceTree = "<group>"; };
		72E11CB21D15819A0024803E /* multiratebuffer.h */ = {isa = PBXFileReference; fileEncoding = 4; lastKnownFileType = sourcecode.c.h; path = multiratebuffer.h; sourceTree = "<group>"; };
		72E11CB31D15819A0024803E /* phantombuffer.h */ = {isa = PBXFileReference; fileEncoding = 4; lastKnownFileType = sourcecode.c.h; path = phantombuffer.h; sourceTree = "<group>"; };
		72E11CB41D15819A0024803E /* phantombuffer_impl.h */ = {isa = PBXFileReference; fileEncoding = 4; lastKnownFileType = sourcecode.c.h; path = phantombuffer_impl.h; sourceTree = "<group>"; };
		72E11CB51D15819A0024803E /* sink.h */ = {isa = PBXFileReference; fileEncoding = 4; lastKnownFileType = sourcecode.c.h; path = sink.h; sourceTree = "<group>"; };
		72E11CB61D15819A0024803E /* sinkbase.h */ = {isa = PBXFileReference; fileEncoding = 4; lastKnownFileType = sourcecode.c.h; path = sinkbase.h; sourceTree = "<group>"; };
		72E11CB71D15819A0024803E /* sinkproxy.h */ = {isa = PBXFileReference; fileEncoding = 4; lastKnownFileType = sourcecode.c.h; path = sinkproxy.h; sourceTree = "<group>"; };
		72E11CB81D15819A0024803E /* source.h */ = {isa = PBXFileReference; fileEncoding = 4; lastKnownFileType = sourcecode.c.h; path = source.h; sourceTree = "<group>"; };
		72E11CB91D15819A0024803E /* sourcebase.h */ = {isa = PBXFileReference; fileEncoding = 4; lastKnownFileType = sourcecode.c.h; path = sourcebase.h; sourceTree = "<group>"; };
		72E11CBA1D15819A0024803E /* sourceproxy.h */ = {isa = PBXFileReference; fileEncoding = 4; lastKnownFileType = sourcecode.c.h; path = sourceproxy.h; sourceTree = "<group>"; };
		72E11CBB1D15819A0024803E /* streamingalgorithm.h */ = {isa = PBXFileReference; fileEncoding = 4; lastKnownFileType = sourcecode.c.h; path = streamingalgorithm.h; sourceTree = "<group>"; };
		72E11CBC1D15819A0024803E /* streamingalgorithmcomposite.h */ = {isa = PBXFileReference; fileEncoding = 4; lastKnownFileType = sourcecode.c.h; path = streamingalgorithmcomposite.h; sourceTree = "<group>"; };
		72E11CBD1D15819A0024803E /* streamingalgorithmwrapper.h */ = {isa = PBXFileReference; fileEncoding = 4; lastKnownFileType = sourcecode.c.h; path = streamingalgorithmwrapper.h; sourceTree = "<group>"; };
		72E11CBE1D15819A0024803E /* streamutil.h */ = {isa = PBXFileReference; fileEncoding = 4; lastKnownFileType = sourcecode.c.h; path = streamutil.h; sourceTree = "<group>"; };
		72E11CBF1D15819A0024803E /* stringutil.h */ = {isa = PBXFileReference; fileEncoding = 4; lastKnownFileType = sourcecode.c.h; path = stringutil.h; sourceTree = "<group>"; };
		72E11CC01D15819A0024803E /* threading.h */ = {isa = PBXFileReference; fileEncoding = 4; lastKnownFileType = sourcecode.c.h; path = threading.h; sourceTree = "<group>"; };
		72E11CC11D15819A0024803E /* types.h */ = {isa = PBXFileReference; fileEncoding = 4; lastKnownFileType = sourcecode.c.h; path = types.h; sourceTree = "<group>"; };
		72E11CC31D15819A0024803E /* asciidag.h */ = {isa = PBXFileReference; fileEncoding = 4; lastKnownFileType = sourcecode.c.h; path = asciidag.h; sourceTree = "<group>"; };
		72E11CC41D15819A0024803E /* asciidagparser.h */ = {isa = PBXFileReference; fileEncoding = 4; lastKnownFileType = sourcecode.c.h; path = asciidagparser.h; sourceTree = "<group>"; };
		72E11CC51D15819A0024803E /* atomic.h */ = {isa = PBXFileReference; fileEncoding = 4; lastKnownFileType = sourcecode.c.h; path = atomic.h; sourceTree = "<group>"; };
		72E11CC61D15819A0024803E /* audiocontext.h */ = {isa = PBXFileReference; fileEncoding = 4; lastKnownFileType = sourcecode.c.h; path = audiocontext.h; sourceTree = "<group>"; };
		72E11CC71D15819A0024803E /* betools.h */ = {isa = PBXFileReference; fileEncoding = 4; lastKnownFileType = sourcecode.c.h; path = betools.h; sourceTree = "<group>"; };
		72E11CC81D15819A0024803E /* bpfutil.h */ = {isa = PBXFileReference; fileEncoding = 4; lastKnownFileType = sourcecode.c.h; path = bpfutil.h; sourceTree = "<group>"; };
		72E11CC91D15819A0024803E /* bpmutil.h */ = {isa = PBXFileReference; fileEncoding = 4; lastKnownFileType = sourcecode.c.h; path = bpmutil.h; sourceTree = "<group>"; };
		72E11CCA1D15819A0024803E /* ffmpegapi.h */ = {isa = PBXFileReference; fileEncoding = 4; lastKnownFileType = sourcecode.c.h; path = ffmpegapi.h; sourceTree = "<group>"; };
		72E11CCB1D15819A0024803E /* jsonconvert.h */ = {isa = PBXFileReference; fileEncoding = 4; lastKnownFileType = sourcecode.c.h; path = jsonconvert.h; sourceTree = "<group>"; };
		72E11CCC1D15819A0024803E /* MersenneTwister.h */ = {isa = PBXFileReference; fileEncoding = 4; lastKnownFileType = sourcecode.c.h; path = MersenneTwister.h; sourceTree = "<group>"; };
		72E11CCD1D15819A0024803E /* metadatautils.h */ = {isa = PBXFileReference; fileEncoding = 4; lastKnownFileType = sourcecode.c.h; path = metadatautils.h; sourceTree = "<group>"; };
		72E11CCE1D15819A0024803E /* output.h */ = {isa = PBXFileReference; fileEncoding = 4; lastKnownFileType = sourcecode.c.h; path = output.h; sourceTree = "<group>"; };
		72E11CCF1D15819A0024803E /* peak.h */ = {isa = PBXFileReference; fileEncoding = 4; lastKnownFileType = sourcecode.c.h; path = peak.h; sourceTree = "<group>"; };
		72E11CD01D15819A0024803E /* ringbufferimpl.h */ = {isa = PBXFileReference; fileEncoding = 4; lastKnownFileType = sourcecode.c.h; path = ringbufferimpl.h; sourceTree = "<group>"; };
		72E11CD11D15819A0024803E /* synth_utils.h */ = {isa = PBXFileReference; fileEncoding = 4; lastKnownFileType = sourcecode.c.h; path = synth_utils.h; sourceTree = "<group>"; };
		72E11CD31D15819A0024803E /* jama_cholesky.h */ = {isa = PBXFileReference; fileEncoding = 4; lastKnownFileType = sourcecode.c.h; path = jama_cholesky.h; sourceTree = "<group>"; };
		72E11CD41D15819A0024803E /* jama_eig.h */ = {isa = PBXFileReference; fileEncoding = 4; lastKnownFileType = sourcecode.c.h; path = jama_eig.h; sourceTree = "<group>"; };
		72E11CD51D15819A0024803E /* jama_lu.h */ = {isa = PBXFileReference; fileEncoding = 4; lastKnownFileType = sourcecode.c.h; path = jama_lu.h; sourceTree = "<group>"; };
		72E11CD61D15819A0024803E /* jama_qr.h */ = {isa = PBXFileReference; fileEncoding = 4; lastKnownFileType = sourcecode.c.h; path = jama_qr.h; sourceTree = "<group>"; };
		72E11CD71D15819A0024803E /* jama_svd.h */ = {isa = PBXFileReference; fileEncoding = 4; lastKnownFileType = sourcecode.c.h; path = jama_svd.h; sourceTree = "<group>"; };
		72E11CD81D15819A0024803E /* tnt.h */ = {isa = PBXFileReference; fileEncoding = 4; lastKnownFileType = sourcecode.c.h; path = tnt.h; sourceTree = "<group>"; };
		72E11CD91D15819A0024803E /* tnt2essentiautils.h */ = {isa = PBXFileReference; fileEncoding = 4; lastKnownFileType = sourcecode.c.h; path = tnt2essentiautils.h; sourceTree = "<group>"; };
		72E11CDA1D15819A0024803E /* tnt2vector.h */ = {isa = PBXFileReference; fileEncoding = 4; lastKnownFileType = sourcecode.c.h; path = tnt2vector.h; sourceTree = "<group>"; };
		72E11CDB1D15819A0024803E /* tnt_array1d.h */ = {isa = PBXFileReference; fileEncoding = 4; lastKnownFileType = sourcecode.c.h; path = tnt_array1d.h; sourceTree = "<group>"; };
		72E11CDC1D15819A0024803E /* tnt_array1d_utils.h */ = {isa = PBXFileReference; fileEncoding = 4; lastKnownFileType = sourcecode.c.h; path = tnt_array1d_utils.h; sourceTree = "<group>"; };
		72E11CDD1D15819A0024803E /* tnt_array2d.h */ = {isa = PBXFileReference; fileEncoding = 4; lastKnownFileType = sourcecode.c.h; path = tnt_array2d.h; sourceTree = "<group>"; };
		72E11CDE1D15819A0024803E /* tnt_array2d_utils.h */ = {isa = PBXFileReference; fileEncoding = 4; lastKnownFileType = sourcecode.c.h; path = tnt_array2d_utils.h; sourceTree = "<group>"; };
		72E11CDF1D15819A0024803E /* tnt_array3d.h */ = {isa = PBXFileReference; fileEncoding = 4; lastKnownFileType = sourcecode.c.h; path = tnt_array3d.h; sourceTree = "<group>"; };
		72E11CE01D15819A0024803E /* tnt_array3d_utils.h */ = {isa = PBXFileReference; fileEncoding = 4; lastKnownFileType = sourcecode.c.h; path = tnt_array3d_utils.h; sourceTree = "<group>"; };
		72E11CE11D15819A0024803E /* tnt_cmat.h */ = {isa = PBXFileReference; fileEncoding = 4; lastKnownFileType = sourcecode.c.h; path = tnt_cmat.h; sourceTree = "<group>"; };
		72E11CE21D15819A0024803E /* tnt_fortran_array1d.h */ = {isa = PBXFileReference; fileEncoding = 4; lastKnownFileType = sourcecode.c.h; path = tnt_fortran_array1d.h; sourceTree = "<group>"; };
		72E11CE31D15819A0024803E /* tnt_fortran_array1d_utils.h */ = {isa = PBXFileReference; fileEncoding = 4; lastKnownFileType = sourcecode.c.h; path = tnt_fortran_array1d_utils.h; sourceTree = "<group>"; };
		72E11CE41D15819A0024803E /* tnt_fortran_array2d.h */ = {isa = PBXFileReference; fileEncoding = 4; lastKnownFileType = sourcecode.c.h; path = tnt_fortran_array2d.h; sourceTree = "<group>"; };
		72E11CE51D15819A0024803E /* tnt_fortran_array2d_utils.h */ = {isa = PBXFileReference; fileEncoding = 4; lastKnownFileType = sourcecode.c.h; path = tnt_fortran_array2d_utils.h; sourceTree = "<group>"; };
		72E11CE61D15819A0024803E /* tnt_fortran_array3d.h */ = {isa = PBXFileReference; fileEncoding = 4; lastKnownFileType = sourcecode.c.h; path = tnt_fortran_array3d.h; sourceTree = "<group>"; };
		72E11CE71D15819A0024803E /* tnt_fortran_array3d_utils.h */ = {isa = PBXFileReference; fileEncoding = 4; lastKnownFileType = sourcecode.c.h; path = tnt_fortran_array3d_utils.h; sourceTree = "<group>"; };
		72E11CE81D15819A0024803E /* tnt_i_refvec.h */ = {isa = PBXFileReference; fileEncoding = 4; lastKnownFileType = sourcecode.c.h; path = tnt_i_refvec.h; sourceTree = "<group>"; };
		72E11CE91D15819A0024803E /* tnt_math_utils.h */ = {isa = PBXFileReference; fileEncoding = 4; lastKnownFileType = sourcecode.c.h; path = tnt_math_utils.h; sourceTree = "<group>"; };
		72E11CEA1D15819A0024803E /* tnt_sparse_matrix_csr.h */ = {isa = PBXFileReference; fileEncoding = 4; lastKnownFileType = sourcecode.c.h; path = tnt_sparse_matrix_csr.h; sourceTree = "<group>"; };
		72E11CEB1D15819A0024803E /* tnt_stopwatch.h */ = {isa = PBXFileReference; fileEncoding = 4; lastKnownFileType = sourcecode.c.h; path = tnt_stopwatch.h; sourceTree = "<group>"; };
		72E11CEC1D15819A0024803E /* tnt_subscript.h */ = {isa = PBXFileReference; fileEncoding = 4; lastKnownFileType = sourcecode.c.h; path = tnt_subscript.h; sourceTree = "<group>"; };
		72E11CED1D15819A0024803E /* tnt_vec.h */ = {isa = PBXFileReference; fileEncoding = 4; lastKnownFileType = sourcecode.c.h; path = tnt_vec.h; sourceTree = "<group>"; };
		72E11CEE1D15819A0024803E /* tnt_version.h */ = {isa = PBXFileReference; fileEncoding = 4; lastKnownFileType = sourcecode.c.h; path = tnt_version.h; sourceTree = "<group>"; };
		72E11CEF1D15819A0024803E /* yamlast.h */ = {isa = PBXFileReference; fileEncoding = 4; lastKnownFileType = sourcecode.c.h; path = yamlast.h; sourceTree = "<group>"; };
		72E11CF01D15819A0024803E /* version.h */ = {isa = PBXFileReference; fileEncoding = 4; lastKnownFileType = sourcecode.c.h; path = version.h; sourceTree = "<group>"; };
		72E11CF11D15819A0024803E /* libessentia.a */ = {isa = PBXFileReference; lastKnownFileType = archive.ar; path = libessentia.a; sourceTree = "<group>"; };
		72E85BD41D040E790025CAFE /* DependencyInjector.swift */ = {isa = PBXFileReference; fileEncoding = 4; lastKnownFileType = sourcecode.swift; path = DependencyInjector.swift; sourceTree = "<group>"; };
		72F6F0CA1CE896B800142CD0 /* SPSlider.swift */ = {isa = PBXFileReference; fileEncoding = 4; lastKnownFileType = sourcecode.swift; path = SPSlider.swift; sourceTree = "<group>"; };
		72F6F0CE1CE8C80000142CD0 /* AppUserDefaults.swift */ = {isa = PBXFileReference; fileEncoding = 4; lastKnownFileType = sourcecode.swift; path = AppUserDefaults.swift; sourceTree = "<group>"; };
		72F6F0D11CE8E59800142CD0 /* SongRepository.swift */ = {isa = PBXFileReference; fileEncoding = 4; lastKnownFileType = sourcecode.swift; path = SongRepository.swift; sourceTree = "<group>"; };
		72F6F0D31CE8E7E600142CD0 /* SongRealmRepository.swift */ = {isa = PBXFileReference; fileEncoding = 4; lastKnownFileType = sourcecode.swift; path = SongRealmRepository.swift; sourceTree = "<group>"; };
		9AA234B362DD195B7C8D7C48 /* Pods-Sport.debug.xcconfig */ = {isa = PBXFileReference; includeInIndex = 1; lastKnownFileType = text.xcconfig; name = "Pods-Sport.debug.xcconfig"; path = "Pods/Target Support Files/Pods-Sport/Pods-Sport.debug.xcconfig"; sourceTree = "<group>"; };
		9DC91002C9502203A1525AEB /* Pods_Sport.framework */ = {isa = PBXFileReference; explicitFileType = wrapper.framework; includeInIndex = 0; path = Pods_Sport.framework; sourceTree = BUILT_PRODUCTS_DIR; };
		A73913731CE47E4E00874A04 /* Accelerate.framework */ = {isa = PBXFileReference; lastKnownFileType = wrapper.framework; name = Accelerate.framework; path = System/Library/Frameworks/Accelerate.framework; sourceTree = SDKROOT; };
		D6883B83CF75FC985F57A716 /* Pods-Sport.release.xcconfig */ = {isa = PBXFileReference; includeInIndex = 1; lastKnownFileType = text.xcconfig; name = "Pods-Sport.release.xcconfig"; path = "Pods/Target Support Files/Pods-Sport/Pods-Sport.release.xcconfig"; sourceTree = "<group>"; };
/* End PBXFileReference section */

/* Begin PBXFrameworksBuildPhase section */
		72349B4C1CDDFBA4002B3B84 /* Frameworks */ = {
			isa = PBXFrameworksBuildPhase;
			buildActionMask = 2147483647;
			files = (
				729D088A1D11BC04001AC7B2 /* aubio.framework in Frameworks */,
				A73913741CE47E4E00874A04 /* Accelerate.framework in Frameworks */,
				72B91D7E1CE2165D000E4923 /* AVFoundation.framework in Frameworks */,
				72E11CF21D15819A0024803E /* libessentia.a in Frameworks */,
				72B91D691CDF2266000E4923 /* MediaPlayer.framework in Frameworks */,
				A1789A8E397D18DF87869E04 /* Pods_Sport.framework in Frameworks */,
			);
			runOnlyForDeploymentPostprocessing = 0;
		};
/* End PBXFrameworksBuildPhase section */

/* Begin PBXGroup section */
		2645E1D6706C137743103C56 /* Pods */ = {
			isa = PBXGroup;
			children = (
				9AA234B362DD195B7C8D7C48 /* Pods-Sport.debug.xcconfig */,
				D6883B83CF75FC985F57A716 /* Pods-Sport.release.xcconfig */,
			);
			name = Pods;
			sourceTree = "<group>";
		};
		62A4BE94FF812D39540CFB3E /* Frameworks */ = {
			isa = PBXGroup;
			children = (
				A73913731CE47E4E00874A04 /* Accelerate.framework */,
				72A6BC501CE24CE7007C0254 /* aubio.framework */,
				72B91D7D1CE2165D000E4923 /* AVFoundation.framework */,
				72B91D681CDF2266000E4923 /* MediaPlayer.framework */,
				9DC91002C9502203A1525AEB /* Pods_Sport.framework */,
			);
			name = Frameworks;
			sourceTree = "<group>";
		};
		720AC1B91CE7AFB500898A87 /* Common */ = {
			isa = PBXGroup;
			children = (
				72571D701D0F329E001198E5 /* Localization.swift */,
				72A6BC9C1CE4EBAD007C0254 /* String+Extension.swift */,
				720AC1B51CE799A400898A87 /* Constants.swift */,
				720B346E1CF74D9D001D8893 /* UIColor+Sport.swift */,
				723EDB1B1D088AA6008ADCA9 /* SongUtils.swift */,
			);
			name = Common;
			sourceTree = "<group>";
		};
		720AC1BA1CE7AFC700898A87 /* Models */ = {
			isa = PBXGroup;
			children = (
				7297330B1D034869000A6384 /* SongViewData.swift */,
				720AC1B21CE70EED00898A87 /* SongData.swift */,
			);
			name = Models;
			sourceTree = "<group>";
		};
		720B344D1CF60618001D8893 /* MusicScreen */ = {
			isa = PBXGroup;
			children = (
				720B347C1CF89A1E001D8893 /* Presenter */,
				720B347B1CF89A0C001D8893 /* View */,
				720B34971CF9E660001D8893 /* Router */,
			);
			name = MusicScreen;
			sourceTree = "<group>";
		};
		720B34731CF750F1001D8893 /* Libraries */ = {
			isa = PBXGroup;
			children = (
				72E11C8E1D15819A0024803E /* Essentia */,
				72A8C3CE1D0C8DD700DF08DF /* TNSlider */,
				720B34751CF75278001D8893 /* Ionicons */,
			);
			path = Libraries;
			sourceTree = "<group>";
		};
		720B34751CF75278001D8893 /* Ionicons */ = {
			isa = PBXGroup;
			children = (
				720B34761CF75278001D8893 /* Ionicons.swift */,
			);
			path = Ionicons;
			sourceTree = "<group>";
		};
		720B347B1CF89A0C001D8893 /* View */ = {
			isa = PBXGroup;
			children = (
				720B347D1CF89A70001D8893 /* MusicPlayerView.swift */,
				720B344E1CF60646001D8893 /* MusicPlayerController.swift */,
				7297330D1D0348CE000A6384 /* PlaylistSongCell.swift */,
				72571D491D0DA24C001198E5 /* SPTrackPad.swift */,
				725EF46B1D132DD3001F050B /* SPActivityRateView.swift */,
			);
			name = View;
			sourceTree = "<group>";
		};
		720B347C1CF89A1E001D8893 /* Presenter */ = {
			isa = PBXGroup;
			children = (
				720B347F1CF89A92001D8893 /* MusicPlayerPresenter.swift */,
				720B34811CF89AA6001D8893 /* MusicPlayerPresenterImpl.swift */,
			);
			name = Presenter;
			sourceTree = "<group>";
		};
		720B34831CF89B77001D8893 /* Screens */ = {
			isa = PBXGroup;
			children = (
				720B34841CF8AC0C001D8893 /* LibraryScreen */,
				720B344D1CF60618001D8893 /* MusicScreen */,
				72B91D6B1CDF2E56000E4923 /* MainScreen */,
			);
			name = Screens;
			sourceTree = "<group>";
		};
		720B34841CF8AC0C001D8893 /* LibraryScreen */ = {
			isa = PBXGroup;
			children = (
				720B34861CF8AC1E001D8893 /* View */,
				720B34851CF8AC17001D8893 /* Presenter */,
			);
			name = LibraryScreen;
			sourceTree = "<group>";
		};
		720B34851CF8AC17001D8893 /* Presenter */ = {
			isa = PBXGroup;
			children = (
				720B348B1CF8B03B001D8893 /* MusicLibraryPresenter.swift */,
				720B348D1CF8B04A001D8893 /* MusicLibraryPresenterImpl.swift */,
			);
			name = Presenter;
			sourceTree = "<group>";
		};
		720B34861CF8AC1E001D8893 /* View */ = {
			isa = PBXGroup;
			children = (
				720B34891CF8AD87001D8893 /* MusicLibraryView.swift */,
				720B34871CF8AC45001D8893 /* MusicLibraryController.swift */,
				720B348F1CF8BA4E001D8893 /* SongTableCell.swift */,
			);
			name = View;
			sourceTree = "<group>";
		};
		720B34971CF9E660001D8893 /* Router */ = {
			isa = PBXGroup;
			children = (
				720B34931CF9E4EE001D8893 /* MusicPlayerRouter.swift */,
				720B34951CF9E4FD001D8893 /* MusicPlayerRouterImpl.swift */,
			);
			name = Router;
			sourceTree = "<group>";
		};
		720B34B21CFF514E001D8893 /* SPAudioPlayer */ = {
			isa = PBXGroup;
			children = (
				720B34981CFC9973001D8893 /* SPAudioPlayer.swift */,
				720B34B01CFF2855001D8893 /* SPPlayerItem.swift */,
				720B34B31CFF5317001D8893 /* SPPlayerItemAdapter.swift */,
			);
			name = SPAudioPlayer;
			sourceTree = "<group>";
		};
		722BE8DD1CECD51A00E51D68 /* Resources */ = {
			isa = PBXGroup;
			children = (
				720B349A1CFCD946001D8893 /* big.mp3 */,
				72349B561CDDFBA4002B3B84 /* Main.storyboard */,
				72349B591CDDFBA4002B3B84 /* Assets.xcassets */,
				72349B5B1CDDFBA4002B3B84 /* LaunchScreen.storyboard */,
				72349B5E1CDDFBA4002B3B84 /* Info.plist */,
				72571D6F1D0F2F14001198E5 /* Localization.strings */,
				720B34741CF75149001D8893 /* ionicons.ttf */,
				722BE8E31CEE191E00E51D68 /* songs */,
			);
			path = Resources;
			sourceTree = "<group>";
		};
		72349B461CDDFBA4002B3B84 = {
			isa = PBXGroup;
			children = (
				72349B511CDDFBA4002B3B84 /* Sport */,
				72349B501CDDFBA4002B3B84 /* Products */,
				2645E1D6706C137743103C56 /* Pods */,
				62A4BE94FF812D39540CFB3E /* Frameworks */,
			);
			sourceTree = "<group>";
		};
		72349B501CDDFBA4002B3B84 /* Products */ = {
			isa = PBXGroup;
			children = (
				72349B4F1CDDFBA4002B3B84 /* Sport.app */,
			);
			name = Products;
			sourceTree = "<group>";
		};
		72349B511CDDFBA4002B3B84 /* Sport */ = {
			isa = PBXGroup;
			children = (
				72E11C8A1D152B980024803E /* EssentiaWrapper */,
				720B34731CF750F1001D8893 /* Libraries */,
				72A6BC541CE386B7007C0254 /* AubioWrapper */,
				720AC1B91CE7AFB500898A87 /* Common */,
				72B91D7B1CDF6B5D000E4923 /* Manager */,
				720AC1BA1CE7AFC700898A87 /* Models */,
				720B34831CF89B77001D8893 /* Screens */,
				72B91D6A1CDF2D46000E4923 /* AppDelegate */,
				722BE8DD1CECD51A00E51D68 /* Resources */,
				72B91D6C1CDF2E75000E4923 /* Others */,
				72F6F0CA1CE896B800142CD0 /* SPSlider.swift */,
			);
			path = Sport;
			sourceTree = "<group>";
		};
		72468B991CEA3C0A00EFBF62 /* Sync */ = {
			isa = PBXGroup;
			children = (
				72468B971CEA3B3C00EFBF62 /* SongSyncManager.swift */,
				72B91D791CDF6B52000E4923 /* ItunesSyncManager.swift */,
				722BE8DB1CECD44400E51D68 /* BundleSyncManager.swift */,
			);
			name = Sync;
			sourceTree = "<group>";
		};
		72A6BC541CE386B7007C0254 /* AubioWrapper */ = {
			isa = PBXGroup;
			children = (
				72A6BC551CE386DD007C0254 /* AubioWrapper.h */,
				72A6BC561CE386DD007C0254 /* AubioWrapper.m */,
				72468B941CEA2ACC00EFBF62 /* AnalysisOutput.h */,
				72468B951CEA2ACC00EFBF62 /* AnalysisOutput.m */,
			);
			name = AubioWrapper;
			sourceTree = "<group>";
		};
		72A8C3CE1D0C8DD700DF08DF /* TNSlider */ = {
			isa = PBXGroup;
			children = (
				72A8C3CF1D0C8DD700DF08DF /* TNSlider.swift */,
				72A8C3D01D0C8DD700DF08DF /* TNTextLayer.swift */,
				72A8C3D11D0C8DD700DF08DF /* TNTrackLayer.swift */,
			);
			path = TNSlider;
			sourceTree = "<group>";
		};
		72B91D6A1CDF2D46000E4923 /* AppDelegate */ = {
			isa = PBXGroup;
			children = (
				72349B521CDDFBA4002B3B84 /* AppDelegate.swift */,
			);
			name = AppDelegate;
			sourceTree = "<group>";
		};
		72B91D6B1CDF2E56000E4923 /* MainScreen */ = {
			isa = PBXGroup;
			children = (
				72B91D701CDF2EC8000E4923 /* Presenter */,
				72B91D6F1CDF2EB8000E4923 /* View */,
			);
			name = MainScreen;
			sourceTree = "<group>";
		};
		72B91D6C1CDF2E75000E4923 /* Others */ = {
			isa = PBXGroup;
			children = (
				72A6BC521CE24F6E007C0254 /* BridgingHeader.h */,
			);
			name = Others;
			sourceTree = "<group>";
		};
		72B91D6F1CDF2EB8000E4923 /* View */ = {
			isa = PBXGroup;
			children = (
				72B91D771CDF4ABF000E4923 /* HomeView.swift */,
				72B91D6D1CDF2EA6000E4923 /* HomeViewController.swift */,
			);
			name = View;
			sourceTree = "<group>";
		};
		72B91D701CDF2EC8000E4923 /* Presenter */ = {
			isa = PBXGroup;
			children = (
				72B91D731CDF2F1F000E4923 /* HomePresenter.swift */,
				72B91D751CDF34DA000E4923 /* HomePresenterImpl.swift */,
			);
			name = Presenter;
			sourceTree = "<group>";
		};
		72B91D7B1CDF6B5D000E4923 /* Manager */ = {
			isa = PBXGroup;
			children = (
				72468B991CEA3C0A00EFBF62 /* Sync */,
				72F6F0D01CE8E50900142CD0 /* SongRepositories */,
				72A6BC9A1CE4DDB7007C0254 /* SongAnalyzer.swift */,
				72A6BC9E1CE4F695007C0254 /* FileManager.swift */,
				720AC1B71CE7A61500898A87 /* RealmFactory.swift */,
				72F6F0CE1CE8C80000142CD0 /* AppUserDefaults.swift */,
				720B34B21CFF514E001D8893 /* SPAudioPlayer */,
				72E85BD41D040E790025CAFE /* DependencyInjector.swift */,
			);
			name = Manager;
			sourceTree = "<group>";
		};
		72E11C8A1D152B980024803E /* EssentiaWrapper */ = {
			isa = PBXGroup;
			children = (
				72E11C8B1D152BC30024803E /* EssentiaWrapper.h */,
				72E11C8C1D152BC30024803E /* EssentiaWrapper.mm */,
			);
			name = EssentiaWrapper;
			sourceTree = "<group>";
		};
		72E11C8E1D15819A0024803E /* Essentia */ = {
			isa = PBXGroup;
			children = (
				72E11C8F1D15819A0024803E /* include */,
				72E11CF11D15819A0024803E /* libessentia.a */,
			);
			path = Essentia;
			sourceTree = "<group>";
		};
		72E11C8F1D15819A0024803E /* include */ = {
			isa = PBXGroup;
			children = (
				72E11C901D15819A0024803E /* algorithm.h */,
				72E11C911D15819A0024803E /* algorithmfactory.h */,
				72E11C921D15819A0024803E /* algorithmfactory_impl.h */,
				72E11C931D15819A0024803E /* config.h */,
				72E11C941D15819A0024803E /* configurable.h */,
				72E11C951D15819A0024803E /* connector.h */,
				72E11C961D15819A0024803E /* debugging.h */,
				72E11C971D15819A0024803E /* essentia.h */,
				72E11C981D15819A0024803E /* essentiamath.h */,
				72E11C991D15819A0024803E /* essentiautil.h */,
				72E11C9A1D15819A0024803E /* iotypewrappers.h */,
				72E11C9B1D15819A0024803E /* iotypewrappers_impl.h */,
				72E11C9C1D15819A0024803E /* parameter.h */,
				72E11C9D1D15819A0024803E /* pool.h */,
				72E11C9E1D15819A0024803E /* range.h */,
				72E11C9F1D15819A0024803E /* roguevector.h */,
				72E11CA01D15819A0024803E /* scheduler */,
				72E11CA41D15819A0024803E /* streamconnector.h */,
				72E11CA51D15819A0024803E /* streaming */,
				72E11CBE1D15819A0024803E /* streamutil.h */,
				72E11CBF1D15819A0024803E /* stringutil.h */,
				72E11CC01D15819A0024803E /* threading.h */,
				72E11CC11D15819A0024803E /* types.h */,
				72E11CC21D15819A0024803E /* utils */,
				72E11CF01D15819A0024803E /* version.h */,
			);
			path = include;
			sourceTree = "<group>";
		};
		72E11CA01D15819A0024803E /* scheduler */ = {
			isa = PBXGroup;
			children = (
				72E11CA11D15819A0024803E /* graphutils.h */,
				72E11CA21D15819A0024803E /* network.h */,
				72E11CA31D15819A0024803E /* networkparser.h */,
			);
			path = scheduler;
			sourceTree = "<group>";
		};
		72E11CA51D15819A0024803E /* streaming */ = {
			isa = PBXGroup;
			children = (
				72E11CA61D15819A0024803E /* accumulatoralgorithm.h */,
				72E11CA71D15819A0024803E /* algorithms */,
				72E11CB21D15819A0024803E /* multiratebuffer.h */,
				72E11CB31D15819A0024803E /* phantombuffer.h */,
				72E11CB41D15819A0024803E /* phantombuffer_impl.h */,
				72E11CB51D15819A0024803E /* sink.h */,
				72E11CB61D15819A0024803E /* sinkbase.h */,
				72E11CB71D15819A0024803E /* sinkproxy.h */,
				72E11CB81D15819A0024803E /* source.h */,
				72E11CB91D15819A0024803E /* sourcebase.h */,
				72E11CBA1D15819A0024803E /* sourceproxy.h */,
				72E11CBB1D15819A0024803E /* streamingalgorithm.h */,
				72E11CBC1D15819A0024803E /* streamingalgorithmcomposite.h */,
				72E11CBD1D15819A0024803E /* streamingalgorithmwrapper.h */,
			);
			path = streaming;
			sourceTree = "<group>";
		};
		72E11CA71D15819A0024803E /* algorithms */ = {
			isa = PBXGroup;
			children = (
				72E11CA81D15819A0024803E /* copy.h */,
				72E11CA91D15819A0024803E /* devnull.h */,
				72E11CAA1D15819A0024803E /* diskwriter.h */,
				72E11CAB1D15819A0024803E /* fileoutput.h */,
				72E11CAC1D15819A0024803E /* poolstorage.h */,
				72E11CAD1D15819A0024803E /* ringbufferinput.h */,
				72E11CAE1D15819A0024803E /* ringbufferoutput.h */,
				72E11CAF1D15819A0024803E /* ringbuffervectoroutput.h */,
				72E11CB01D15819A0024803E /* vectorinput.h */,
				72E11CB11D15819A0024803E /* vectoroutput.h */,
			);
			path = algorithms;
			sourceTree = "<group>";
		};
		72E11CC21D15819A0024803E /* utils */ = {
			isa = PBXGroup;
			children = (
				72E11CC31D15819A0024803E /* asciidag.h */,
				72E11CC41D15819A0024803E /* asciidagparser.h */,
				72E11CC51D15819A0024803E /* atomic.h */,
				72E11CC61D15819A0024803E /* audiocontext.h */,
				72E11CC71D15819A0024803E /* betools.h */,
				72E11CC81D15819A0024803E /* bpfutil.h */,
				72E11CC91D15819A0024803E /* bpmutil.h */,
				72E11CCA1D15819A0024803E /* ffmpegapi.h */,
				72E11CCB1D15819A0024803E /* jsonconvert.h */,
				72E11CCC1D15819A0024803E /* MersenneTwister.h */,
				72E11CCD1D15819A0024803E /* metadatautils.h */,
				72E11CCE1D15819A0024803E /* output.h */,
				72E11CCF1D15819A0024803E /* peak.h */,
				72E11CD01D15819A0024803E /* ringbufferimpl.h */,
				72E11CD11D15819A0024803E /* synth_utils.h */,
				72E11CD21D15819A0024803E /* tnt */,
				72E11CEF1D15819A0024803E /* yamlast.h */,
			);
			path = utils;
			sourceTree = "<group>";
		};
		72E11CD21D15819A0024803E /* tnt */ = {
			isa = PBXGroup;
			children = (
				72E11CD31D15819A0024803E /* jama_cholesky.h */,
				72E11CD41D15819A0024803E /* jama_eig.h */,
				72E11CD51D15819A0024803E /* jama_lu.h */,
				72E11CD61D15819A0024803E /* jama_qr.h */,
				72E11CD71D15819A0024803E /* jama_svd.h */,
				72E11CD81D15819A0024803E /* tnt.h */,
				72E11CD91D15819A0024803E /* tnt2essentiautils.h */,
				72E11CDA1D15819A0024803E /* tnt2vector.h */,
				72E11CDB1D15819A0024803E /* tnt_array1d.h */,
				72E11CDC1D15819A0024803E /* tnt_array1d_utils.h */,
				72E11CDD1D15819A0024803E /* tnt_array2d.h */,
				72E11CDE1D15819A0024803E /* tnt_array2d_utils.h */,
				72E11CDF1D15819A0024803E /* tnt_array3d.h */,
				72E11CE01D15819A0024803E /* tnt_array3d_utils.h */,
				72E11CE11D15819A0024803E /* tnt_cmat.h */,
				72E11CE21D15819A0024803E /* tnt_fortran_array1d.h */,
				72E11CE31D15819A0024803E /* tnt_fortran_array1d_utils.h */,
				72E11CE41D15819A0024803E /* tnt_fortran_array2d.h */,
				72E11CE51D15819A0024803E /* tnt_fortran_array2d_utils.h */,
				72E11CE61D15819A0024803E /* tnt_fortran_array3d.h */,
				72E11CE71D15819A0024803E /* tnt_fortran_array3d_utils.h */,
				72E11CE81D15819A0024803E /* tnt_i_refvec.h */,
				72E11CE91D15819A0024803E /* tnt_math_utils.h */,
				72E11CEA1D15819A0024803E /* tnt_sparse_matrix_csr.h */,
				72E11CEB1D15819A0024803E /* tnt_stopwatch.h */,
				72E11CEC1D15819A0024803E /* tnt_subscript.h */,
				72E11CED1D15819A0024803E /* tnt_vec.h */,
				72E11CEE1D15819A0024803E /* tnt_version.h */,
			);
			path = tnt;
			sourceTree = "<group>";
		};
		72F6F0D01CE8E50900142CD0 /* SongRepositories */ = {
			isa = PBXGroup;
			children = (
				72F6F0D11CE8E59800142CD0 /* SongRepository.swift */,
				72F6F0D31CE8E7E600142CD0 /* SongRealmRepository.swift */,
			);
			name = SongRepositories;
			sourceTree = "<group>";
		};
/* End PBXGroup section */

/* Begin PBXNativeTarget section */
		72349B4E1CDDFBA4002B3B84 /* Sport */ = {
			isa = PBXNativeTarget;
			buildConfigurationList = 72349B611CDDFBA4002B3B84 /* Build configuration list for PBXNativeTarget "Sport" */;
			buildPhases = (
				A1AB06069A1284B6A7CDD4A3 /* Check Pods Manifest.lock */,
				72349B4B1CDDFBA4002B3B84 /* Sources */,
				72349B4C1CDDFBA4002B3B84 /* Frameworks */,
				72349B4D1CDDFBA4002B3B84 /* Resources */,
				22E780F2A9821E2941934D46 /* Embed Pods Frameworks */,
				D17292C9EC5F8425BE6A7E24 /* Copy Pods Resources */,
				72E11C891D1528FB0024803E /* Embed Frameworks */,
				720B34B51CFF6093001D8893 /* Run Fabric Script */,
			);
			buildRules = (
			);
			dependencies = (
			);
			name = Sport;
			productName = Sport;
			productReference = 72349B4F1CDDFBA4002B3B84 /* Sport.app */;
			productType = "com.apple.product-type.application";
		};
/* End PBXNativeTarget section */

/* Begin PBXProject section */
		72349B471CDDFBA4002B3B84 /* Project object */ = {
			isa = PBXProject;
			attributes = {
				LastSwiftUpdateCheck = 0730;
				LastUpgradeCheck = 0730;
				ORGANIZATIONNAME = tiennth;
				TargetAttributes = {
					72349B4E1CDDFBA4002B3B84 = {
						CreatedOnToolsVersion = 7.3;
						SystemCapabilities = {
							com.apple.BackgroundModes = {
								enabled = 1;
							};
						};
					};
				};
			};
			buildConfigurationList = 72349B4A1CDDFBA4002B3B84 /* Build configuration list for PBXProject "Sport" */;
			compatibilityVersion = "Xcode 3.2";
			developmentRegion = English;
			hasScannedForEncodings = 0;
			knownRegions = (
				en,
				Base,
			);
			mainGroup = 72349B461CDDFBA4002B3B84;
			productRefGroup = 72349B501CDDFBA4002B3B84 /* Products */;
			projectDirPath = "";
			projectRoot = "";
			targets = (
				72349B4E1CDDFBA4002B3B84 /* Sport */,
			);
		};
/* End PBXProject section */

/* Begin PBXResourcesBuildPhase section */
		72349B4D1CDDFBA4002B3B84 /* Resources */ = {
			isa = PBXResourcesBuildPhase;
			buildActionMask = 2147483647;
			files = (
				720B34781CF75EFA001D8893 /* ionicons.ttf in Resources */,
				72349B5D1CDDFBA4002B3B84 /* LaunchScreen.storyboard in Resources */,
				72571D6D1D0F2F14001198E5 /* Localization.strings in Resources */,
				72349B5A1CDDFBA4002B3B84 /* Assets.xcassets in Resources */,
				720B349B1CFCD946001D8893 /* big.mp3 in Resources */,
				72349B581CDDFBA4002B3B84 /* Main.storyboard in Resources */,
				722BE8E41CEE191E00E51D68 /* songs in Resources */,
			);
			runOnlyForDeploymentPostprocessing = 0;
		};
/* End PBXResourcesBuildPhase section */

/* Begin PBXShellScriptBuildPhase section */
		22E780F2A9821E2941934D46 /* Embed Pods Frameworks */ = {
			isa = PBXShellScriptBuildPhase;
			buildActionMask = 2147483647;
			files = (
			);
			inputPaths = (
			);
			name = "Embed Pods Frameworks";
			outputPaths = (
			);
			runOnlyForDeploymentPostprocessing = 0;
			shellPath = /bin/sh;
			shellScript = "\"${SRCROOT}/Pods/Target Support Files/Pods-Sport/Pods-Sport-frameworks.sh\"\n";
			showEnvVarsInLog = 0;
		};
		720B34B51CFF6093001D8893 /* Run Fabric Script */ = {
			isa = PBXShellScriptBuildPhase;
			buildActionMask = 2147483647;
			files = (
			);
			inputPaths = (
			);
			name = "Run Fabric Script";
			outputPaths = (
			);
			runOnlyForDeploymentPostprocessing = 0;
			shellPath = /bin/sh;
			shellScript = "\"${PODS_ROOT}/Fabric/run\" c804603b40d70704536f6ceb7b4a689f97bcb1bf fb67ce4ac8b25298657c26558b1ed6dd1607fcd7c8f2af02a26068921bd19c49";
		};
		A1AB06069A1284B6A7CDD4A3 /* Check Pods Manifest.lock */ = {
			isa = PBXShellScriptBuildPhase;
			buildActionMask = 2147483647;
			files = (
			);
			inputPaths = (
			);
			name = "Check Pods Manifest.lock";
			outputPaths = (
			);
			runOnlyForDeploymentPostprocessing = 0;
			shellPath = /bin/sh;
			shellScript = "diff \"${PODS_ROOT}/../Podfile.lock\" \"${PODS_ROOT}/Manifest.lock\" > /dev/null\nif [[ $? != 0 ]] ; then\n    cat << EOM\nerror: The sandbox is not in sync with the Podfile.lock. Run 'pod install' or update your CocoaPods installation.\nEOM\n    exit 1\nfi\n";
			showEnvVarsInLog = 0;
		};
		D17292C9EC5F8425BE6A7E24 /* Copy Pods Resources */ = {
			isa = PBXShellScriptBuildPhase;
			buildActionMask = 2147483647;
			files = (
			);
			inputPaths = (
			);
			name = "Copy Pods Resources";
			outputPaths = (
			);
			runOnlyForDeploymentPostprocessing = 0;
			shellPath = /bin/sh;
			shellScript = "\"${SRCROOT}/Pods/Target Support Files/Pods-Sport/Pods-Sport-resources.sh\"\n";
			showEnvVarsInLog = 0;
		};
/* End PBXShellScriptBuildPhase section */

/* Begin PBXSourcesBuildPhase section */
		72349B4B1CDDFBA4002B3B84 /* Sources */ = {
			isa = PBXSourcesBuildPhase;
			buildActionMask = 2147483647;
			files = (
				72571D4A1D0DA24C001198E5 /* SPTrackPad.swift in Sources */,
				720B34801CF89A92001D8893 /* MusicPlayerPresenter.swift in Sources */,
				720B34881CF8AC45001D8893 /* MusicLibraryController.swift in Sources */,
				720AC1B81CE7A61500898A87 /* RealmFactory.swift in Sources */,
				720B34B11CFF2855001D8893 /* SPPlayerItem.swift in Sources */,
				720B34941CF9E4EE001D8893 /* MusicPlayerRouter.swift in Sources */,
				720B347E1CF89A70001D8893 /* MusicPlayerView.swift in Sources */,
				720B34B41CFF5317001D8893 /* SPPlayerItemAdapter.swift in Sources */,
				720B346F1CF74D9D001D8893 /* UIColor+Sport.swift in Sources */,
				72F6F0CB1CE896B800142CD0 /* SPSlider.swift in Sources */,
				722BE8DC1CECD44400E51D68 /* BundleSyncManager.swift in Sources */,
				720B348C1CF8B03B001D8893 /* MusicLibraryPresenter.swift in Sources */,
				72349B531CDDFBA4002B3B84 /* AppDelegate.swift in Sources */,
				720B34961CF9E4FD001D8893 /* MusicPlayerRouterImpl.swift in Sources */,
				72A6BC9D1CE4EBAD007C0254 /* String+Extension.swift in Sources */,
				72B91D761CDF34DA000E4923 /* HomePresenterImpl.swift in Sources */,
				723EDB1C1D088AA6008ADCA9 /* SongUtils.swift in Sources */,
				72E85BD51D040E790025CAFE /* DependencyInjector.swift in Sources */,
				72468B961CEA2ACC00EFBF62 /* AnalysisOutput.m in Sources */,
				72A8C3D41D0C8DD700DF08DF /* TNTrackLayer.swift in Sources */,
				720B34901CF8BA4E001D8893 /* SongTableCell.swift in Sources */,
				72E11C8D1D152BC30024803E /* EssentiaWrapper.mm in Sources */,
				72B91D741CDF2F1F000E4923 /* HomePresenter.swift in Sources */,
				72A6BC9B1CE4DDB7007C0254 /* SongAnalyzer.swift in Sources */,
				72F6F0D21CE8E59800142CD0 /* SongRepository.swift in Sources */,
				72F6F0D41CE8E7E600142CD0 /* SongRealmRepository.swift in Sources */,
				72A6BC571CE386DD007C0254 /* AubioWrapper.m in Sources */,
				720AC1B31CE70EED00898A87 /* SongData.swift in Sources */,
				72A6BC9F1CE4F695007C0254 /* FileManager.swift in Sources */,
				7297330C1D034869000A6384 /* SongViewData.swift in Sources */,
				72468B981CEA3B3C00EFBF62 /* SongSyncManager.swift in Sources */,
				720B344F1CF60646001D8893 /* MusicPlayerController.swift in Sources */,
				72B91D7A1CDF6B52000E4923 /* ItunesSyncManager.swift in Sources */,
				720B348E1CF8B04A001D8893 /* MusicLibraryPresenterImpl.swift in Sources */,
				720B34991CFC9973001D8893 /* SPAudioPlayer.swift in Sources */,
				72A8C3D31D0C8DD700DF08DF /* TNTextLayer.swift in Sources */,
				720B34771CF75278001D8893 /* Ionicons.swift in Sources */,
				72B91D781CDF4ABF000E4923 /* HomeView.swift in Sources */,
				720B34821CF89AA6001D8893 /* MusicPlayerPresenterImpl.swift in Sources */,
				720B348A1CF8AD87001D8893 /* MusicLibraryView.swift in Sources */,
				72A8C3D21D0C8DD700DF08DF /* TNSlider.swift in Sources */,
				72B91D6E1CDF2EA6000E4923 /* HomeViewController.swift in Sources */,
				72571D711D0F329E001198E5 /* Localization.swift in Sources */,
				72F6F0CF1CE8C80000142CD0 /* AppUserDefaults.swift in Sources */,
				720AC1B61CE799A400898A87 /* Constants.swift in Sources */,
				725EF46C1D132DD3001F050B /* SPActivityRateView.swift in Sources */,
				7297330E1D0348CE000A6384 /* PlaylistSongCell.swift in Sources */,
			);
			runOnlyForDeploymentPostprocessing = 0;
		};
/* End PBXSourcesBuildPhase section */

/* Begin PBXVariantGroup section */
		72349B561CDDFBA4002B3B84 /* Main.storyboard */ = {
			isa = PBXVariantGroup;
			children = (
				72349B571CDDFBA4002B3B84 /* Base */,
			);
			name = Main.storyboard;
			path = ..;
			sourceTree = "<group>";
		};
		72349B5B1CDDFBA4002B3B84 /* LaunchScreen.storyboard */ = {
			isa = PBXVariantGroup;
			children = (
				72349B5C1CDDFBA4002B3B84 /* Base */,
			);
			name = LaunchScreen.storyboard;
			path = ..;
			sourceTree = "<group>";
		};
		72571D6F1D0F2F14001198E5 /* Localization.strings */ = {
			isa = PBXVariantGroup;
			children = (
				72571D6E1D0F2F14001198E5 /* en */,
			);
			name = Localization.strings;
			path = ..;
			sourceTree = "<group>";
		};
/* End PBXVariantGroup section */

/* Begin XCBuildConfiguration section */
		72349B5F1CDDFBA4002B3B84 /* Debug */ = {
			isa = XCBuildConfiguration;
			buildSettings = {
				ALWAYS_SEARCH_USER_PATHS = NO;
				CLANG_ANALYZER_NONNULL = YES;
				CLANG_CXX_LANGUAGE_STANDARD = "gnu++0x";
				CLANG_CXX_LIBRARY = "libc++";
				CLANG_ENABLE_MODULES = YES;
				CLANG_ENABLE_OBJC_ARC = YES;
				CLANG_WARN_BOOL_CONVERSION = YES;
				CLANG_WARN_CONSTANT_CONVERSION = YES;
				CLANG_WARN_DIRECT_OBJC_ISA_USAGE = YES_ERROR;
				CLANG_WARN_EMPTY_BODY = YES;
				CLANG_WARN_ENUM_CONVERSION = YES;
				CLANG_WARN_INT_CONVERSION = YES;
				CLANG_WARN_OBJC_ROOT_CLASS = YES_ERROR;
				CLANG_WARN_UNREACHABLE_CODE = YES;
				CLANG_WARN__DUPLICATE_METHOD_MATCH = YES;
				"CODE_SIGN_IDENTITY[sdk=iphoneos*]" = "iPhone Developer";
				COPY_PHASE_STRIP = NO;
				DEBUG_INFORMATION_FORMAT = dwarf;
				ENABLE_STRICT_OBJC_MSGSEND = YES;
				ENABLE_TESTABILITY = YES;
				GCC_C_LANGUAGE_STANDARD = gnu99;
				GCC_DYNAMIC_NO_PIC = NO;
				GCC_NO_COMMON_BLOCKS = YES;
				GCC_OPTIMIZATION_LEVEL = 0;
				GCC_PREPROCESSOR_DEFINITIONS = (
					"DEBUG=1",
					"$(inherited)",
				);
				GCC_WARN_64_TO_32_BIT_CONVERSION = YES;
				GCC_WARN_ABOUT_RETURN_TYPE = YES_ERROR;
				GCC_WARN_UNDECLARED_SELECTOR = YES;
				GCC_WARN_UNINITIALIZED_AUTOS = YES_AGGRESSIVE;
				GCC_WARN_UNUSED_FUNCTION = YES;
				GCC_WARN_UNUSED_VARIABLE = YES;
				IPHONEOS_DEPLOYMENT_TARGET = 9.3;
				MTL_ENABLE_DEBUG_INFO = YES;
				ONLY_ACTIVE_ARCH = YES;
				SDKROOT = iphoneos;
				SWIFT_OPTIMIZATION_LEVEL = "-Onone";
			};
			name = Debug;
		};
		72349B601CDDFBA4002B3B84 /* Release */ = {
			isa = XCBuildConfiguration;
			buildSettings = {
				ALWAYS_SEARCH_USER_PATHS = NO;
				CLANG_ANALYZER_NONNULL = YES;
				CLANG_CXX_LANGUAGE_STANDARD = "gnu++0x";
				CLANG_CXX_LIBRARY = "libc++";
				CLANG_ENABLE_MODULES = YES;
				CLANG_ENABLE_OBJC_ARC = YES;
				CLANG_WARN_BOOL_CONVERSION = YES;
				CLANG_WARN_CONSTANT_CONVERSION = YES;
				CLANG_WARN_DIRECT_OBJC_ISA_USAGE = YES_ERROR;
				CLANG_WARN_EMPTY_BODY = YES;
				CLANG_WARN_ENUM_CONVERSION = YES;
				CLANG_WARN_INT_CONVERSION = YES;
				CLANG_WARN_OBJC_ROOT_CLASS = YES_ERROR;
				CLANG_WARN_UNREACHABLE_CODE = YES;
				CLANG_WARN__DUPLICATE_METHOD_MATCH = YES;
				"CODE_SIGN_IDENTITY[sdk=iphoneos*]" = "iPhone Developer";
				COPY_PHASE_STRIP = NO;
				DEBUG_INFORMATION_FORMAT = "dwarf-with-dsym";
				ENABLE_NS_ASSERTIONS = NO;
				ENABLE_STRICT_OBJC_MSGSEND = YES;
				GCC_C_LANGUAGE_STANDARD = gnu99;
				GCC_NO_COMMON_BLOCKS = YES;
				GCC_WARN_64_TO_32_BIT_CONVERSION = YES;
				GCC_WARN_ABOUT_RETURN_TYPE = YES_ERROR;
				GCC_WARN_UNDECLARED_SELECTOR = YES;
				GCC_WARN_UNINITIALIZED_AUTOS = YES_AGGRESSIVE;
				GCC_WARN_UNUSED_FUNCTION = YES;
				GCC_WARN_UNUSED_VARIABLE = YES;
				IPHONEOS_DEPLOYMENT_TARGET = 9.3;
				MTL_ENABLE_DEBUG_INFO = NO;
				SDKROOT = iphoneos;
				VALIDATE_PRODUCT = YES;
			};
			name = Release;
		};
		72349B621CDDFBA4002B3B84 /* Debug */ = {
			isa = XCBuildConfiguration;
			baseConfigurationReference = 9AA234B362DD195B7C8D7C48 /* Pods-Sport.debug.xcconfig */;
			buildSettings = {
				ASSETCATALOG_COMPILER_APPICON_NAME = AppIcon;
				DEBUG_INFORMATION_FORMAT = "dwarf-with-dsym";
				ENABLE_BITCODE = NO;
				FRAMEWORK_SEARCH_PATHS = (
					"$(inherited)",
					"$(PROJECT_DIR)/Sport/Frameworks",
				);
				HEADER_SEARCH_PATHS = (
					"$(inherited)",
					"\"${PODS_ROOT}/Headers/Public\"",
					"\"${PODS_ROOT}/Headers/Public/Crashlytics\"",
					"\"${PODS_ROOT}/Headers/Public/Fabric\"",
					"$(SRCROOT)/Sport/Libraries/Essentia/include/**",
				);
				INFOPLIST_FILE = Sport/Info.plist;
				IPHONEOS_DEPLOYMENT_TARGET = 8.0;
				LD_RUNPATH_SEARCH_PATHS = "$(inherited) @executable_path/Frameworks";
				LIBRARY_SEARCH_PATHS = (
					"$(inherited)",
					"$(PROJECT_DIR)/Sport/Libraries/Essentia",
				);
				PRODUCT_BUNDLE_IDENTIFIER = com.tiennth.Sport;
				PRODUCT_NAME = "$(TARGET_NAME)";
				SWIFT_OBJC_BRIDGING_HEADER = "$(PROJECT_DIR)/Sport/BridgingHeader.h";
				TARGETED_DEVICE_FAMILY = "1,2";
			};
			name = Debug;
		};
		72349B631CDDFBA4002B3B84 /* Release */ = {
			isa = XCBuildConfiguration;
			baseConfigurationReference = D6883B83CF75FC985F57A716 /* Pods-Sport.release.xcconfig */;
			buildSettings = {
				ASSETCATALOG_COMPILER_APPICON_NAME = AppIcon;
				ENABLE_BITCODE = NO;
				FRAMEWORK_SEARCH_PATHS = (
					"$(inherited)",
					"$(PROJECT_DIR)/Sport/Frameworks",
				);
				HEADER_SEARCH_PATHS = (
					"$(inherited)",
					"\"${PODS_ROOT}/Headers/Public\"",
					"\"${PODS_ROOT}/Headers/Public/Crashlytics\"",
					"\"${PODS_ROOT}/Headers/Public/Fabric\"",
					"$(SRCROOT)/Sport/Libraries/Essentia/include/**",
				);
				INFOPLIST_FILE = Sport/Info.plist;
				IPHONEOS_DEPLOYMENT_TARGET = 8.0;
				LD_RUNPATH_SEARCH_PATHS = "$(inherited) @executable_path/Frameworks";
				LIBRARY_SEARCH_PATHS = (
					"$(inherited)",
					"$(PROJECT_DIR)/Sport/Libraries/Essentia",
				);
				PRODUCT_BUNDLE_IDENTIFIER = com.tiennth.Sport;
				PRODUCT_NAME = "$(TARGET_NAME)";
				SWIFT_OBJC_BRIDGING_HEADER = "$(PROJECT_DIR)/Sport/BridgingHeader.h";
				TARGETED_DEVICE_FAMILY = "1,2";
			};
			name = Release;
		};
/* End XCBuildConfiguration section */

/* Begin XCConfigurationList section */
		72349B4A1CDDFBA4002B3B84 /* Build configuration list for PBXProject "Sport" */ = {
			isa = XCConfigurationList;
			buildConfigurations = (
				72349B5F1CDDFBA4002B3B84 /* Debug */,
				72349B601CDDFBA4002B3B84 /* Release */,
			);
			defaultConfigurationIsVisible = 0;
			defaultConfigurationName = Release;
		};
		72349B611CDDFBA4002B3B84 /* Build configuration list for PBXNativeTarget "Sport" */ = {
			isa = XCConfigurationList;
			buildConfigurations = (
				72349B621CDDFBA4002B3B84 /* Debug */,
				72349B631CDDFBA4002B3B84 /* Release */,
			);
			defaultConfigurationIsVisible = 0;
			defaultConfigurationName = Release;
		};
/* End XCConfigurationList section */
	};
	rootObject = 72349B471CDDFBA4002B3B84 /* Project object */;
}
