// !$*UTF8*$!
{
	archiveVersion = 1;
	classes = {
	};
	objectVersion = 46;
	objects = {

/* Begin PBXBuildFile section */
		72349B531CDDFBA4002B3B84 /* AppDelegate.swift in Sources */ = {isa = PBXBuildFile; fileRef = 72349B521CDDFBA4002B3B84 /* AppDelegate.swift */; };
		72349B581CDDFBA4002B3B84 /* Main.storyboard in Resources */ = {isa = PBXBuildFile; fileRef = 72349B561CDDFBA4002B3B84 /* Main.storyboard */; };
		72349B5A1CDDFBA4002B3B84 /* Assets.xcassets in Resources */ = {isa = PBXBuildFile; fileRef = 72349B591CDDFBA4002B3B84 /* Assets.xcassets */; };
		72349B5D1CDDFBA4002B3B84 /* LaunchScreen.storyboard in Resources */ = {isa = PBXBuildFile; fileRef = 72349B5B1CDDFBA4002B3B84 /* LaunchScreen.storyboard */; };
		72A6BC511CE24CE7007C0254 /* aubio.framework in Frameworks */ = {isa = PBXBuildFile; fileRef = 72A6BC501CE24CE7007C0254 /* aubio.framework */; };
		72A6BC571CE386DD007C0254 /* AubioWrapper.m in Sources */ = {isa = PBXBuildFile; fileRef = 72A6BC561CE386DD007C0254 /* AubioWrapper.m */; };
		72B91D691CDF2266000E4923 /* MediaPlayer.framework in Frameworks */ = {isa = PBXBuildFile; fileRef = 72B91D681CDF2266000E4923 /* MediaPlayer.framework */; };
		72B91D6E1CDF2EA6000E4923 /* HomeViewController.swift in Sources */ = {isa = PBXBuildFile; fileRef = 72B91D6D1CDF2EA6000E4923 /* HomeViewController.swift */; };
		72B91D741CDF2F1F000E4923 /* HomePresenter.swift in Sources */ = {isa = PBXBuildFile; fileRef = 72B91D731CDF2F1F000E4923 /* HomePresenter.swift */; };
		72B91D761CDF34DA000E4923 /* HomePresenterImpl.swift in Sources */ = {isa = PBXBuildFile; fileRef = 72B91D751CDF34DA000E4923 /* HomePresenterImpl.swift */; };
		72B91D781CDF4ABF000E4923 /* HomeView.swift in Sources */ = {isa = PBXBuildFile; fileRef = 72B91D771CDF4ABF000E4923 /* HomeView.swift */; };
		72B91D7A1CDF6B52000E4923 /* ItunesDataImporter.swift in Sources */ = {isa = PBXBuildFile; fileRef = 72B91D791CDF6B52000E4923 /* ItunesDataImporter.swift */; };
		72B91D7E1CE2165D000E4923 /* AVFoundation.framework in Frameworks */ = {isa = PBXBuildFile; fileRef = 72B91D7D1CE2165D000E4923 /* AVFoundation.framework */; };
		A1789A8E397D18DF87869E04 /* Pods_Sport.framework in Frameworks */ = {isa = PBXBuildFile; fileRef = 9DC91002C9502203A1525AEB /* Pods_Sport.framework */; };
/* End PBXBuildFile section */

/* Begin PBXFileReference section */
		72349B4F1CDDFBA4002B3B84 /* Sport.app */ = {isa = PBXFileReference; explicitFileType = wrapper.application; includeInIndex = 0; path = Sport.app; sourceTree = BUILT_PRODUCTS_DIR; };
		72349B521CDDFBA4002B3B84 /* AppDelegate.swift */ = {isa = PBXFileReference; lastKnownFileType = sourcecode.swift; path = AppDelegate.swift; sourceTree = "<group>"; };
		72349B571CDDFBA4002B3B84 /* Base */ = {isa = PBXFileReference; lastKnownFileType = file.storyboard; name = Base; path = Base.lproj/Main.storyboard; sourceTree = "<group>"; };
		72349B591CDDFBA4002B3B84 /* Assets.xcassets */ = {isa = PBXFileReference; lastKnownFileType = folder.assetcatalog; path = Assets.xcassets; sourceTree = "<group>"; };
		72349B5C1CDDFBA4002B3B84 /* Base */ = {isa = PBXFileReference; lastKnownFileType = file.storyboard; name = Base; path = Base.lproj/LaunchScreen.storyboard; sourceTree = "<group>"; };
		72349B5E1CDDFBA4002B3B84 /* Info.plist */ = {isa = PBXFileReference; lastKnownFileType = text.plist.xml; path = Info.plist; sourceTree = "<group>"; };
		72A6BC501CE24CE7007C0254 /* aubio.framework */ = {isa = PBXFileReference; lastKnownFileType = wrapper.framework; name = aubio.framework; path = Sport/Frameworks/aubio.framework; sourceTree = "<group>"; };
		72A6BC521CE24F6E007C0254 /* BridgingHeader.h */ = {isa = PBXFileReference; lastKnownFileType = sourcecode.c.h; path = BridgingHeader.h; sourceTree = "<group>"; };
		72A6BC551CE386DD007C0254 /* AubioWrapper.h */ = {isa = PBXFileReference; fileEncoding = 4; lastKnownFileType = sourcecode.c.h; path = AubioWrapper.h; sourceTree = "<group>"; };
		72A6BC561CE386DD007C0254 /* AubioWrapper.m */ = {isa = PBXFileReference; fileEncoding = 4; lastKnownFileType = sourcecode.c.objc; path = AubioWrapper.m; sourceTree = "<group>"; };
		72B91D681CDF2266000E4923 /* MediaPlayer.framework */ = {isa = PBXFileReference; lastKnownFileType = wrapper.framework; name = MediaPlayer.framework; path = System/Library/Frameworks/MediaPlayer.framework; sourceTree = SDKROOT; };
		72B91D6D1CDF2EA6000E4923 /* HomeViewController.swift */ = {isa = PBXFileReference; fileEncoding = 4; lastKnownFileType = sourcecode.swift; path = HomeViewController.swift; sourceTree = "<group>"; };
		72B91D731CDF2F1F000E4923 /* HomePresenter.swift */ = {isa = PBXFileReference; fileEncoding = 4; lastKnownFileType = sourcecode.swift; path = HomePresenter.swift; sourceTree = "<group>"; };
		72B91D751CDF34DA000E4923 /* HomePresenterImpl.swift */ = {isa = PBXFileReference; fileEncoding = 4; lastKnownFileType = sourcecode.swift; path = HomePresenterImpl.swift; sourceTree = "<group>"; };
		72B91D771CDF4ABF000E4923 /* HomeView.swift */ = {isa = PBXFileReference; fileEncoding = 4; lastKnownFileType = sourcecode.swift; path = HomeView.swift; sourceTree = "<group>"; };
		72B91D791CDF6B52000E4923 /* ItunesDataImporter.swift */ = {isa = PBXFileReference; fileEncoding = 4; lastKnownFileType = sourcecode.swift; path = ItunesDataImporter.swift; sourceTree = "<group>"; };
		72B91D7D1CE2165D000E4923 /* AVFoundation.framework */ = {isa = PBXFileReference; lastKnownFileType = wrapper.framework; name = AVFoundation.framework; path = System/Library/Frameworks/AVFoundation.framework; sourceTree = SDKROOT; };
		9AA234B362DD195B7C8D7C48 /* Pods-Sport.debug.xcconfig */ = {isa = PBXFileReference; includeInIndex = 1; lastKnownFileType = text.xcconfig; name = "Pods-Sport.debug.xcconfig"; path = "Pods/Target Support Files/Pods-Sport/Pods-Sport.debug.xcconfig"; sourceTree = "<group>"; };
		9DC91002C9502203A1525AEB /* Pods_Sport.framework */ = {isa = PBXFileReference; explicitFileType = wrapper.framework; includeInIndex = 0; path = Pods_Sport.framework; sourceTree = BUILT_PRODUCTS_DIR; };
		D6883B83CF75FC985F57A716 /* Pods-Sport.release.xcconfig */ = {isa = PBXFileReference; includeInIndex = 1; lastKnownFileType = text.xcconfig; name = "Pods-Sport.release.xcconfig"; path = "Pods/Target Support Files/Pods-Sport/Pods-Sport.release.xcconfig"; sourceTree = "<group>"; };
/* End PBXFileReference section */

/* Begin PBXFrameworksBuildPhase section */
		72349B4C1CDDFBA4002B3B84 /* Frameworks */ = {
			isa = PBXFrameworksBuildPhase;
			buildActionMask = 2147483647;
			files = (
				72B91D7E1CE2165D000E4923 /* AVFoundation.framework in Frameworks */,
				72B91D691CDF2266000E4923 /* MediaPlayer.framework in Frameworks */,
				A1789A8E397D18DF87869E04 /* Pods_Sport.framework in Frameworks */,
				72A6BC511CE24CE7007C0254 /* aubio.framework in Frameworks */,
			);
			runOnlyForDeploymentPostprocessing = 0;
		};
/* End PBXFrameworksBuildPhase section */

/* Begin PBXGroup section */
		2645E1D6706C137743103C56 /* Pods */ = {
			isa = PBXGroup;
			children = (
				9AA234B362DD195B7C8D7C48 /* Pods-Sport.debug.xcconfig */,
				D6883B83CF75FC985F57A716 /* Pods-Sport.release.xcconfig */,
			);
			name = Pods;
			sourceTree = "<group>";
		};
		62A4BE94FF812D39540CFB3E /* Frameworks */ = {
			isa = PBXGroup;
			children = (
				72A6BC501CE24CE7007C0254 /* aubio.framework */,
				72B91D7D1CE2165D000E4923 /* AVFoundation.framework */,
				72B91D681CDF2266000E4923 /* MediaPlayer.framework */,
				9DC91002C9502203A1525AEB /* Pods_Sport.framework */,
			);
			name = Frameworks;
			sourceTree = "<group>";
		};
		72349B461CDDFBA4002B3B84 = {
			isa = PBXGroup;
			children = (
				72349B511CDDFBA4002B3B84 /* Sport */,
				72349B501CDDFBA4002B3B84 /* Products */,
				2645E1D6706C137743103C56 /* Pods */,
				62A4BE94FF812D39540CFB3E /* Frameworks */,
			);
			sourceTree = "<group>";
		};
		72349B501CDDFBA4002B3B84 /* Products */ = {
			isa = PBXGroup;
			children = (
				72349B4F1CDDFBA4002B3B84 /* Sport.app */,
			);
			name = Products;
			sourceTree = "<group>";
		};
		72349B511CDDFBA4002B3B84 /* Sport */ = {
			isa = PBXGroup;
			children = (
				72A6BC541CE386B7007C0254 /* AubioWrapper */,
				72B91D7B1CDF6B5D000E4923 /* DataManager */,
				72B91D6B1CDF2E56000E4923 /* MainScreen */,
				72B91D6A1CDF2D46000E4923 /* AppDelegate */,
				72B91D6C1CDF2E75000E4923 /* Others */,
			);
			path = Sport;
			sourceTree = "<group>";
		};
		72A6BC541CE386B7007C0254 /* AubioWrapper */ = {
			isa = PBXGroup;
			children = (
				72A6BC551CE386DD007C0254 /* AubioWrapper.h */,
				72A6BC561CE386DD007C0254 /* AubioWrapper.m */,
			);
			name = AubioWrapper;
			sourceTree = "<group>";
		};
		72B91D6A1CDF2D46000E4923 /* AppDelegate */ = {
			isa = PBXGroup;
			children = (
				72349B521CDDFBA4002B3B84 /* AppDelegate.swift */,
			);
			name = AppDelegate;
			sourceTree = "<group>";
		};
		72B91D6B1CDF2E56000E4923 /* MainScreen */ = {
			isa = PBXGroup;
			children = (
				72B91D701CDF2EC8000E4923 /* Presenter */,
				72B91D6F1CDF2EB8000E4923 /* View */,
			);
			name = MainScreen;
			sourceTree = "<group>";
		};
		72B91D6C1CDF2E75000E4923 /* Others */ = {
			isa = PBXGroup;
			children = (
				72349B561CDDFBA4002B3B84 /* Main.storyboard */,
				72349B591CDDFBA4002B3B84 /* Assets.xcassets */,
				72349B5B1CDDFBA4002B3B84 /* LaunchScreen.storyboard */,
				72349B5E1CDDFBA4002B3B84 /* Info.plist */,
				72A6BC521CE24F6E007C0254 /* BridgingHeader.h */,
			);
			name = Others;
			sourceTree = "<group>";
		};
		72B91D6F1CDF2EB8000E4923 /* View */ = {
			isa = PBXGroup;
			children = (
				72B91D6D1CDF2EA6000E4923 /* HomeViewController.swift */,
				72B91D771CDF4ABF000E4923 /* HomeView.swift */,
			);
			name = View;
			sourceTree = "<group>";
		};
		72B91D701CDF2EC8000E4923 /* Presenter */ = {
			isa = PBXGroup;
			children = (
				72B91D731CDF2F1F000E4923 /* HomePresenter.swift */,
				72B91D751CDF34DA000E4923 /* HomePresenterImpl.swift */,
			);
			name = Presenter;
			sourceTree = "<group>";
		};
		72B91D7B1CDF6B5D000E4923 /* DataManager */ = {
			isa = PBXGroup;
			children = (
				72B91D791CDF6B52000E4923 /* ItunesDataImporter.swift */,
			);
			name = DataManager;
			sourceTree = "<group>";
		};
/* End PBXGroup section */

/* Begin PBXNativeTarget section */
		72349B4E1CDDFBA4002B3B84 /* Sport */ = {
			isa = PBXNativeTarget;
			buildConfigurationList = 72349B611CDDFBA4002B3B84 /* Build configuration list for PBXNativeTarget "Sport" */;
			buildPhases = (
				A1AB06069A1284B6A7CDD4A3 /* Check Pods Manifest.lock */,
				72349B4B1CDDFBA4002B3B84 /* Sources */,
				72349B4C1CDDFBA4002B3B84 /* Frameworks */,
				72349B4D1CDDFBA4002B3B84 /* Resources */,
				22E780F2A9821E2941934D46 /* Embed Pods Frameworks */,
				D17292C9EC5F8425BE6A7E24 /* Copy Pods Resources */,
			);
			buildRules = (
			);
			dependencies = (
			);
			name = Sport;
			productName = Sport;
			productReference = 72349B4F1CDDFBA4002B3B84 /* Sport.app */;
			productType = "com.apple.product-type.application";
		};
/* End PBXNativeTarget section */

/* Begin PBXProject section */
		72349B471CDDFBA4002B3B84 /* Project object */ = {
			isa = PBXProject;
			attributes = {
				LastSwiftUpdateCheck = 0730;
				LastUpgradeCheck = 0730;
				ORGANIZATIONNAME = tiennth;
				TargetAttributes = {
					72349B4E1CDDFBA4002B3B84 = {
						CreatedOnToolsVersion = 7.3;
					};
				};
			};
			buildConfigurationList = 72349B4A1CDDFBA4002B3B84 /* Build configuration list for PBXProject "Sport" */;
			compatibilityVersion = "Xcode 3.2";
			developmentRegion = English;
			hasScannedForEncodings = 0;
			knownRegions = (
				en,
				Base,
			);
			mainGroup = 72349B461CDDFBA4002B3B84;
			productRefGroup = 72349B501CDDFBA4002B3B84 /* Products */;
			projectDirPath = "";
			projectRoot = "";
			targets = (
				72349B4E1CDDFBA4002B3B84 /* Sport */,
			);
		};
/* End PBXProject section */

/* Begin PBXResourcesBuildPhase section */
		72349B4D1CDDFBA4002B3B84 /* Resources */ = {
			isa = PBXResourcesBuildPhase;
			buildActionMask = 2147483647;
			files = (
				72349B5D1CDDFBA4002B3B84 /* LaunchScreen.storyboard in Resources */,
				72349B5A1CDDFBA4002B3B84 /* Assets.xcassets in Resources */,
				72349B581CDDFBA4002B3B84 /* Main.storyboard in Resources */,
			);
			runOnlyForDeploymentPostprocessing = 0;
		};
/* End PBXResourcesBuildPhase section */

/* Begin PBXShellScriptBuildPhase section */
		22E780F2A9821E2941934D46 /* Embed Pods Frameworks */ = {
			isa = PBXShellScriptBuildPhase;
			buildActionMask = 2147483647;
			files = (
			);
			inputPaths = (
			);
			name = "Embed Pods Frameworks";
			outputPaths = (
			);
			runOnlyForDeploymentPostprocessing = 0;
			shellPath = /bin/sh;
			shellScript = "\"${SRCROOT}/Pods/Target Support Files/Pods-Sport/Pods-Sport-frameworks.sh\"\n";
			showEnvVarsInLog = 0;
		};
		A1AB06069A1284B6A7CDD4A3 /* Check Pods Manifest.lock */ = {
			isa = PBXShellScriptBuildPhase;
			buildActionMask = 2147483647;
			files = (
			);
			inputPaths = (
			);
			name = "Check Pods Manifest.lock";
			outputPaths = (
			);
			runOnlyForDeploymentPostprocessing = 0;
			shellPath = /bin/sh;
			shellScript = "diff \"${PODS_ROOT}/../Podfile.lock\" \"${PODS_ROOT}/Manifest.lock\" > /dev/null\nif [[ $? != 0 ]] ; then\n    cat << EOM\nerror: The sandbox is not in sync with the Podfile.lock. Run 'pod install' or update your CocoaPods installation.\nEOM\n    exit 1\nfi\n";
			showEnvVarsInLog = 0;
		};
		D17292C9EC5F8425BE6A7E24 /* Copy Pods Resources */ = {
			isa = PBXShellScriptBuildPhase;
			buildActionMask = 2147483647;
			files = (
			);
			inputPaths = (
			);
			name = "Copy Pods Resources";
			outputPaths = (
			);
			runOnlyForDeploymentPostprocessing = 0;
			shellPath = /bin/sh;
			shellScript = "\"${SRCROOT}/Pods/Target Support Files/Pods-Sport/Pods-Sport-resources.sh\"\n";
			showEnvVarsInLog = 0;
		};
/* End PBXShellScriptBuildPhase section */

/* Begin PBXSourcesBuildPhase section */
		72349B4B1CDDFBA4002B3B84 /* Sources */ = {
			isa = PBXSourcesBuildPhase;
			buildActionMask = 2147483647;
			files = (
				72349B531CDDFBA4002B3B84 /* AppDelegate.swift in Sources */,
				72B91D761CDF34DA000E4923 /* HomePresenterImpl.swift in Sources */,
				72A6BC571CE386DD007C0254 /* AubioWrapper.m in Sources */,
				72B91D741CDF2F1F000E4923 /* HomePresenter.swift in Sources */,
				72B91D7A1CDF6B52000E4923 /* ItunesDataImporter.swift in Sources */,
				72B91D781CDF4ABF000E4923 /* HomeView.swift in Sources */,
				72B91D6E1CDF2EA6000E4923 /* HomeViewController.swift in Sources */,
			);
			runOnlyForDeploymentPostprocessing = 0;
		};
/* End PBXSourcesBuildPhase section */

/* Begin PBXVariantGroup section */
		72349B561CDDFBA4002B3B84 /* Main.storyboard */ = {
			isa = PBXVariantGroup;
			children = (
				72349B571CDDFBA4002B3B84 /* Base */,
			);
			name = Main.storyboard;
			sourceTree = "<group>";
		};
		72349B5B1CDDFBA4002B3B84 /* LaunchScreen.storyboard */ = {
			isa = PBXVariantGroup;
			children = (
				72349B5C1CDDFBA4002B3B84 /* Base */,
			);
			name = LaunchScreen.storyboard;
			sourceTree = "<group>";
		};
/* End PBXVariantGroup section */

/* Begin XCBuildConfiguration section */
		72349B5F1CDDFBA4002B3B84 /* Debug */ = {
			isa = XCBuildConfiguration;
			buildSettings = {
				ALWAYS_SEARCH_USER_PATHS = NO;
				CLANG_ANALYZER_NONNULL = YES;
				CLANG_CXX_LANGUAGE_STANDARD = "gnu++0x";
				CLANG_CXX_LIBRARY = "libc++";
				CLANG_ENABLE_MODULES = YES;
				CLANG_ENABLE_OBJC_ARC = YES;
				CLANG_WARN_BOOL_CONVERSION = YES;
				CLANG_WARN_CONSTANT_CONVERSION = YES;
				CLANG_WARN_DIRECT_OBJC_ISA_USAGE = YES_ERROR;
				CLANG_WARN_EMPTY_BODY = YES;
				CLANG_WARN_ENUM_CONVERSION = YES;
				CLANG_WARN_INT_CONVERSION = YES;
				CLANG_WARN_OBJC_ROOT_CLASS = YES_ERROR;
				CLANG_WARN_UNREACHABLE_CODE = YES;
				CLANG_WARN__DUPLICATE_METHOD_MATCH = YES;
				"CODE_SIGN_IDENTITY[sdk=iphoneos*]" = "iPhone Developer";
				COPY_PHASE_STRIP = NO;
				DEBUG_INFORMATION_FORMAT = dwarf;
				ENABLE_STRICT_OBJC_MSGSEND = YES;
				ENABLE_TESTABILITY = YES;
				GCC_C_LANGUAGE_STANDARD = gnu99;
				GCC_DYNAMIC_NO_PIC = NO;
				GCC_NO_COMMON_BLOCKS = YES;
				GCC_OPTIMIZATION_LEVEL = 0;
				GCC_PREPROCESSOR_DEFINITIONS = (
					"DEBUG=1",
					"$(inherited)",
				);
				GCC_WARN_64_TO_32_BIT_CONVERSION = YES;
				GCC_WARN_ABOUT_RETURN_TYPE = YES_ERROR;
				GCC_WARN_UNDECLARED_SELECTOR = YES;
				GCC_WARN_UNINITIALIZED_AUTOS = YES_AGGRESSIVE;
				GCC_WARN_UNUSED_FUNCTION = YES;
				GCC_WARN_UNUSED_VARIABLE = YES;
				IPHONEOS_DEPLOYMENT_TARGET = 9.3;
				MTL_ENABLE_DEBUG_INFO = YES;
				ONLY_ACTIVE_ARCH = YES;
				SDKROOT = iphoneos;
				SWIFT_OPTIMIZATION_LEVEL = "-Onone";
			};
			name = Debug;
		};
		72349B601CDDFBA4002B3B84 /* Release */ = {
			isa = XCBuildConfiguration;
			buildSettings = {
				ALWAYS_SEARCH_USER_PATHS = NO;
				CLANG_ANALYZER_NONNULL = YES;
				CLANG_CXX_LANGUAGE_STANDARD = "gnu++0x";
				CLANG_CXX_LIBRARY = "libc++";
				CLANG_ENABLE_MODULES = YES;
				CLANG_ENABLE_OBJC_ARC = YES;
				CLANG_WARN_BOOL_CONVERSION = YES;
				CLANG_WARN_CONSTANT_CONVERSION = YES;
				CLANG_WARN_DIRECT_OBJC_ISA_USAGE = YES_ERROR;
				CLANG_WARN_EMPTY_BODY = YES;
				CLANG_WARN_ENUM_CONVERSION = YES;
				CLANG_WARN_INT_CONVERSION = YES;
				CLANG_WARN_OBJC_ROOT_CLASS = YES_ERROR;
				CLANG_WARN_UNREACHABLE_CODE = YES;
				CLANG_WARN__DUPLICATE_METHOD_MATCH = YES;
				"CODE_SIGN_IDENTITY[sdk=iphoneos*]" = "iPhone Developer";
				COPY_PHASE_STRIP = NO;
				DEBUG_INFORMATION_FORMAT = "dwarf-with-dsym";
				ENABLE_NS_ASSERTIONS = NO;
				ENABLE_STRICT_OBJC_MSGSEND = YES;
				GCC_C_LANGUAGE_STANDARD = gnu99;
				GCC_NO_COMMON_BLOCKS = YES;
				GCC_WARN_64_TO_32_BIT_CONVERSION = YES;
				GCC_WARN_ABOUT_RETURN_TYPE = YES_ERROR;
				GCC_WARN_UNDECLARED_SELECTOR = YES;
				GCC_WARN_UNINITIALIZED_AUTOS = YES_AGGRESSIVE;
				GCC_WARN_UNUSED_FUNCTION = YES;
				GCC_WARN_UNUSED_VARIABLE = YES;
				IPHONEOS_DEPLOYMENT_TARGET = 9.3;
				MTL_ENABLE_DEBUG_INFO = NO;
				SDKROOT = iphoneos;
				VALIDATE_PRODUCT = YES;
			};
			name = Release;
		};
		72349B621CDDFBA4002B3B84 /* Debug */ = {
			isa = XCBuildConfiguration;
			baseConfigurationReference = 9AA234B362DD195B7C8D7C48 /* Pods-Sport.debug.xcconfig */;
			buildSettings = {
				ASSETCATALOG_COMPILER_APPICON_NAME = AppIcon;
				ENABLE_BITCODE = NO;
				FRAMEWORK_SEARCH_PATHS = (
					"$(inherited)",
					"$(PROJECT_DIR)/Sport/Frameworks",
				);
				INFOPLIST_FILE = Sport/Info.plist;
				IPHONEOS_DEPLOYMENT_TARGET = 8.0;
				LD_RUNPATH_SEARCH_PATHS = "$(inherited) @executable_path/Frameworks";
				PRODUCT_BUNDLE_IDENTIFIER = com.tiennth.Sport;
				PRODUCT_NAME = "$(TARGET_NAME)";
				SWIFT_OBJC_BRIDGING_HEADER = "$(PROJECT_DIR)/Sport/BridgingHeader.h";
			};
			name = Debug;
		};
		72349B631CDDFBA4002B3B84 /* Release */ = {
			isa = XCBuildConfiguration;
			baseConfigurationReference = D6883B83CF75FC985F57A716 /* Pods-Sport.release.xcconfig */;
			buildSettings = {
				ASSETCATALOG_COMPILER_APPICON_NAME = AppIcon;
				ENABLE_BITCODE = NO;
				FRAMEWORK_SEARCH_PATHS = (
					"$(inherited)",
					"$(PROJECT_DIR)/Sport/Frameworks",
				);
				INFOPLIST_FILE = Sport/Info.plist;
				IPHONEOS_DEPLOYMENT_TARGET = 8.0;
				LD_RUNPATH_SEARCH_PATHS = "$(inherited) @executable_path/Frameworks";
				PRODUCT_BUNDLE_IDENTIFIER = com.tiennth.Sport;
				PRODUCT_NAME = "$(TARGET_NAME)";
				SWIFT_OBJC_BRIDGING_HEADER = "$(PROJECT_DIR)/Sport/BridgingHeader.h";
			};
			name = Release;
		};
/* End XCBuildConfiguration section */

/* Begin XCConfigurationList section */
		72349B4A1CDDFBA4002B3B84 /* Build configuration list for PBXProject "Sport" */ = {
			isa = XCConfigurationList;
			buildConfigurations = (
				72349B5F1CDDFBA4002B3B84 /* Debug */,
				72349B601CDDFBA4002B3B84 /* Release */,
			);
			defaultConfigurationIsVisible = 0;
			defaultConfigurationName = Release;
		};
		72349B611CDDFBA4002B3B84 /* Build configuration list for PBXNativeTarget "Sport" */ = {
			isa = XCConfigurationList;
			buildConfigurations = (
				72349B621CDDFBA4002B3B84 /* Debug */,
				72349B631CDDFBA4002B3B84 /* Release */,
			);
			defaultConfigurationIsVisible = 0;
			defaultConfigurationName = Release;
		};
/* End XCConfigurationList section */
	};
	rootObject = 72349B471CDDFBA4002B3B84 /* Project object */;
}
