// !$*UTF8*$!
{
	archiveVersion = 1;
	classes = {
	};
	objectVersion = 46;
	objects = {

/* Begin PBXBuildFile section */
		720AC1B31CE70EED00898A87 /* SongData.swift in Sources */ = {isa = PBXBuildFile; fileRef = 720AC1B21CE70EED00898A87 /* SongData.swift */; };
		720AC1B61CE799A400898A87 /* Constants.swift in Sources */ = {isa = PBXBuildFile; fileRef = 720AC1B51CE799A400898A87 /* Constants.swift */; };
		720AC1B81CE7A61500898A87 /* RealmFactory.swift in Sources */ = {isa = PBXBuildFile; fileRef = 720AC1B71CE7A61500898A87 /* RealmFactory.swift */; };
		720B344F1CF60646001D8893 /* MusicPlayerController.swift in Sources */ = {isa = PBXBuildFile; fileRef = 720B344E1CF60646001D8893 /* MusicPlayerController.swift */; };
		720B346F1CF74D9D001D8893 /* UIColor+Sport.swift in Sources */ = {isa = PBXBuildFile; fileRef = 720B346E1CF74D9D001D8893 /* UIColor+Sport.swift */; };
		720B34771CF75278001D8893 /* Ionicons.swift in Sources */ = {isa = PBXBuildFile; fileRef = 720B34761CF75278001D8893 /* Ionicons.swift */; };
		720B34781CF75EFA001D8893 /* ionicons.ttf in Resources */ = {isa = PBXBuildFile; fileRef = 720B34741CF75149001D8893 /* ionicons.ttf */; };
		720B347E1CF89A70001D8893 /* MusicPlayerView.swift in Sources */ = {isa = PBXBuildFile; fileRef = 720B347D1CF89A70001D8893 /* MusicPlayerView.swift */; };
		720B34801CF89A92001D8893 /* MusicPlayerPresenter.swift in Sources */ = {isa = PBXBuildFile; fileRef = 720B347F1CF89A92001D8893 /* MusicPlayerPresenter.swift */; };
		720B34821CF89AA6001D8893 /* MusicPlayerPresenterImpl.swift in Sources */ = {isa = PBXBuildFile; fileRef = 720B34811CF89AA6001D8893 /* MusicPlayerPresenterImpl.swift */; };
		720B34881CF8AC45001D8893 /* MusicLibraryController.swift in Sources */ = {isa = PBXBuildFile; fileRef = 720B34871CF8AC45001D8893 /* MusicLibraryController.swift */; };
		720B348A1CF8AD87001D8893 /* MusicLibraryView.swift in Sources */ = {isa = PBXBuildFile; fileRef = 720B34891CF8AD87001D8893 /* MusicLibraryView.swift */; };
		720B348C1CF8B03B001D8893 /* MusicLibraryPresenter.swift in Sources */ = {isa = PBXBuildFile; fileRef = 720B348B1CF8B03B001D8893 /* MusicLibraryPresenter.swift */; };
		720B348E1CF8B04A001D8893 /* MusicLibraryPresenterImpl.swift in Sources */ = {isa = PBXBuildFile; fileRef = 720B348D1CF8B04A001D8893 /* MusicLibraryPresenterImpl.swift */; };
		720B34901CF8BA4E001D8893 /* SongTableCell.swift in Sources */ = {isa = PBXBuildFile; fileRef = 720B348F1CF8BA4E001D8893 /* SongTableCell.swift */; };
		720B34941CF9E4EE001D8893 /* MusicPlayerRouter.swift in Sources */ = {isa = PBXBuildFile; fileRef = 720B34931CF9E4EE001D8893 /* MusicPlayerRouter.swift */; };
		720B34961CF9E4FD001D8893 /* MusicPlayerRouterImpl.swift in Sources */ = {isa = PBXBuildFile; fileRef = 720B34951CF9E4FD001D8893 /* MusicPlayerRouterImpl.swift */; };
		720B34991CFC9973001D8893 /* SPAudioPlayer.swift in Sources */ = {isa = PBXBuildFile; fileRef = 720B34981CFC9973001D8893 /* SPAudioPlayer.swift */; };
		720B34B11CFF2855001D8893 /* SPPlayerItem.swift in Sources */ = {isa = PBXBuildFile; fileRef = 720B34B01CFF2855001D8893 /* SPPlayerItem.swift */; };
		720B34B41CFF5317001D8893 /* SPPlayerItemAdapter.swift in Sources */ = {isa = PBXBuildFile; fileRef = 720B34B31CFF5317001D8893 /* SPPlayerItemAdapter.swift */; };
		722BE8DC1CECD44400E51D68 /* BundleSyncManager.swift in Sources */ = {isa = PBXBuildFile; fileRef = 722BE8DB1CECD44400E51D68 /* BundleSyncManager.swift */; };
		722BE8E41CEE191E00E51D68 /* songs in Resources */ = {isa = PBXBuildFile; fileRef = 722BE8E31CEE191E00E51D68 /* songs */; };
		72349B531CDDFBA4002B3B84 /* AppDelegate.swift in Sources */ = {isa = PBXBuildFile; fileRef = 72349B521CDDFBA4002B3B84 /* AppDelegate.swift */; };
		72349B581CDDFBA4002B3B84 /* Main.storyboard in Resources */ = {isa = PBXBuildFile; fileRef = 72349B561CDDFBA4002B3B84 /* Main.storyboard */; };
		72349B5D1CDDFBA4002B3B84 /* LaunchScreen.storyboard in Resources */ = {isa = PBXBuildFile; fileRef = 72349B5B1CDDFBA4002B3B84 /* LaunchScreen.storyboard */; };
		723EDB1C1D088AA6008ADCA9 /* SongUtils.swift in Sources */ = {isa = PBXBuildFile; fileRef = 723EDB1B1D088AA6008ADCA9 /* SongUtils.swift */; };
		72468B961CEA2ACC00EFBF62 /* AnalysisOutput.m in Sources */ = {isa = PBXBuildFile; fileRef = 72468B951CEA2ACC00EFBF62 /* AnalysisOutput.m */; };
		72468B981CEA3B3C00EFBF62 /* SongSyncManager.swift in Sources */ = {isa = PBXBuildFile; fileRef = 72468B971CEA3B3C00EFBF62 /* SongSyncManager.swift */; };
		72571D4A1D0DA24C001198E5 /* SPTrackPad.swift in Sources */ = {isa = PBXBuildFile; fileRef = 72571D491D0DA24C001198E5 /* SPTrackPad.swift */; };
		72571D6D1D0F2F14001198E5 /* Localization.strings in Resources */ = {isa = PBXBuildFile; fileRef = 72571D6F1D0F2F14001198E5 /* Localization.strings */; };
		72571D711D0F329E001198E5 /* Localization.swift in Sources */ = {isa = PBXBuildFile; fileRef = 72571D701D0F329E001198E5 /* Localization.swift */; };
		725EF46C1D132DD3001F050B /* SPActivityRateView.swift in Sources */ = {isa = PBXBuildFile; fileRef = 725EF46B1D132DD3001F050B /* SPActivityRateView.swift */; };
		727F322A1D226B0700A7A947 /* TourGuiderController.swift in Sources */ = {isa = PBXBuildFile; fileRef = 727F32291D226B0700A7A947 /* TourGuiderController.swift */; };
		727F322C1D22BEB400A7A947 /* InitialViewController.swift in Sources */ = {isa = PBXBuildFile; fileRef = 727F322B1D22BEB400A7A947 /* InitialViewController.swift */; };
		727F322E1D22C4FC00A7A947 /* TourGuideContentController.swift in Sources */ = {isa = PBXBuildFile; fileRef = 727F322D1D22C4FC00A7A947 /* TourGuideContentController.swift */; };
		7297330C1D034869000A6384 /* SongViewData.swift in Sources */ = {isa = PBXBuildFile; fileRef = 7297330B1D034869000A6384 /* SongViewData.swift */; };
		7297330E1D0348CE000A6384 /* PlaylistSongCell.swift in Sources */ = {isa = PBXBuildFile; fileRef = 7297330D1D0348CE000A6384 /* PlaylistSongCell.swift */; };
		729D088A1D11BC04001AC7B2 /* aubio.framework in Frameworks */ = {isa = PBXBuildFile; fileRef = 72A6BC501CE24CE7007C0254 /* aubio.framework */; };
		72A6BC571CE386DD007C0254 /* AubioWrapper.mm in Sources */ = {isa = PBXBuildFile; fileRef = 72A6BC561CE386DD007C0254 /* AubioWrapper.mm */; };
		72A6BC9D1CE4EBAD007C0254 /* String+Extension.swift in Sources */ = {isa = PBXBuildFile; fileRef = 72A6BC9C1CE4EBAD007C0254 /* String+Extension.swift */; };
		72A6BC9F1CE4F695007C0254 /* FileManager.swift in Sources */ = {isa = PBXBuildFile; fileRef = 72A6BC9E1CE4F695007C0254 /* FileManager.swift */; };
		72A8C3D21D0C8DD700DF08DF /* TNSlider.swift in Sources */ = {isa = PBXBuildFile; fileRef = 72A8C3CF1D0C8DD700DF08DF /* TNSlider.swift */; };
		72A8C3D31D0C8DD700DF08DF /* TNTextLayer.swift in Sources */ = {isa = PBXBuildFile; fileRef = 72A8C3D01D0C8DD700DF08DF /* TNTextLayer.swift */; };
		72A8C3D41D0C8DD700DF08DF /* TNTrackLayer.swift in Sources */ = {isa = PBXBuildFile; fileRef = 72A8C3D11D0C8DD700DF08DF /* TNTrackLayer.swift */; };
		72B91D691CDF2266000E4923 /* MediaPlayer.framework in Frameworks */ = {isa = PBXBuildFile; fileRef = 72B91D681CDF2266000E4923 /* MediaPlayer.framework */; };
		72B91D7A1CDF6B52000E4923 /* ItunesSyncManager.swift in Sources */ = {isa = PBXBuildFile; fileRef = 72B91D791CDF6B52000E4923 /* ItunesSyncManager.swift */; };
		72B91D7E1CE2165D000E4923 /* AVFoundation.framework in Frameworks */ = {isa = PBXBuildFile; fileRef = 72B91D7D1CE2165D000E4923 /* AVFoundation.framework */; };
		72E85BD51D040E790025CAFE /* DependencyInjector.swift in Sources */ = {isa = PBXBuildFile; fileRef = 72E85BD41D040E790025CAFE /* DependencyInjector.swift */; };
		72ED32171D185DCA001CF71D /* SingleAnalysisOperation.swift in Sources */ = {isa = PBXBuildFile; fileRef = 72ED32161D185DCA001CF71D /* SingleAnalysisOperation.swift */; };
		72ED32191D186333001CF71D /* ConcurrentOperation.swift in Sources */ = {isa = PBXBuildFile; fileRef = 72ED32181D186333001CF71D /* ConcurrentOperation.swift */; };
		72EEA86B1D1D8C7C00E35D56 /* CoreMotion.framework in Frameworks */ = {isa = PBXBuildFile; fileRef = 72EEA86A1D1D8C7C00E35D56 /* CoreMotion.framework */; };
		72F6F0CB1CE896B800142CD0 /* SPSlider.swift in Sources */ = {isa = PBXBuildFile; fileRef = 72F6F0CA1CE896B800142CD0 /* SPSlider.swift */; };
		72F6F0CF1CE8C80000142CD0 /* AppUserDefaults.swift in Sources */ = {isa = PBXBuildFile; fileRef = 72F6F0CE1CE8C80000142CD0 /* AppUserDefaults.swift */; };
		72F6F0D21CE8E59800142CD0 /* SongRepository.swift in Sources */ = {isa = PBXBuildFile; fileRef = 72F6F0D11CE8E59800142CD0 /* SongRepository.swift */; };
		72F6F0D41CE8E7E600142CD0 /* SongRealmRepository.swift in Sources */ = {isa = PBXBuildFile; fileRef = 72F6F0D31CE8E7E600142CD0 /* SongRealmRepository.swift */; };
		72F8F5F61D2EC23A008C7517 /* SPPedometer.swift in Sources */ = {isa = PBXBuildFile; fileRef = 72F8F5F51D2EC23A008C7517 /* SPPedometer.swift */; };
		A708319A1DE6C735008F83EE /* libessentia.a in Frameworks */ = {isa = PBXBuildFile; fileRef = A70831991DE6C735008F83EE /* libessentia.a */; };
		A70856791DE74E1500CCD59F /* libiconv.2.4.0.tbd in Frameworks */ = {isa = PBXBuildFile; fileRef = A70856781DE74E1500CCD59F /* libiconv.2.4.0.tbd */; };
		A708567B1DE74E1F00CCD59F /* libz.tbd in Frameworks */ = {isa = PBXBuildFile; fileRef = A708567A1DE74E1F00CCD59F /* libz.tbd */; };
		A708567D1DE74E2700CCD59F /* libbz2.1.0.tbd in Frameworks */ = {isa = PBXBuildFile; fileRef = A708567C1DE74E2700CCD59F /* libbz2.1.0.tbd */; };
		A73913741CE47E4E00874A04 /* Accelerate.framework in Frameworks */ = {isa = PBXBuildFile; fileRef = A73913731CE47E4E00874A04 /* Accelerate.framework */; };
		A7B743541D95137900E5DB15 /* Assets.xcassets in Resources */ = {isa = PBXBuildFile; fileRef = A7B743531D95137900E5DB15 /* Assets.xcassets */; };
		A7CE05E81DE7CE7C0089BF84 /* Foundation.framework in Frameworks */ = {isa = PBXBuildFile; fileRef = A7CE05E71DE7CE7C0089BF84 /* Foundation.framework */; };
		A7CE05EA1DE7E34F0089BF84 /* VideoToolbox.framework in Frameworks */ = {isa = PBXBuildFile; fileRef = A7CE05E91DE7E34F0089BF84 /* VideoToolbox.framework */; };
		E2ABBDD0825D2823D2EEB629 /* Pods_Sport.framework in Frameworks */ = {isa = PBXBuildFile; fileRef = 627CE3E723BA807CA870F32B /* Pods_Sport.framework */; };
/* End PBXBuildFile section */

/* Begin PBXCopyFilesBuildPhase section */
		72E11C891D1528FB0024803E /* Embed Frameworks */ = {
			isa = PBXCopyFilesBuildPhase;
			buildActionMask = 2147483647;
			dstPath = "";
			dstSubfolderSpec = 10;
			files = (
			);
			name = "Embed Frameworks";
			runOnlyForDeploymentPostprocessing = 0;
		};
/* End PBXCopyFilesBuildPhase section */

/* Begin PBXFileReference section */
		627CE3E723BA807CA870F32B /* Pods_Sport.framework */ = {isa = PBXFileReference; explicitFileType = wrapper.framework; includeInIndex = 0; path = Pods_Sport.framework; sourceTree = BUILT_PRODUCTS_DIR; };
		720AC1B21CE70EED00898A87 /* SongData.swift */ = {isa = PBXFileReference; fileEncoding = 4; lastKnownFileType = sourcecode.swift; path = SongData.swift; sourceTree = "<group>"; };
		720AC1B51CE799A400898A87 /* Constants.swift */ = {isa = PBXFileReference; fileEncoding = 4; lastKnownFileType = sourcecode.swift; path = Constants.swift; sourceTree = "<group>"; };
		720AC1B71CE7A61500898A87 /* RealmFactory.swift */ = {isa = PBXFileReference; fileEncoding = 4; lastKnownFileType = sourcecode.swift; path = RealmFactory.swift; sourceTree = "<group>"; };
		720B344E1CF60646001D8893 /* MusicPlayerController.swift */ = {isa = PBXFileReference; fileEncoding = 4; lastKnownFileType = sourcecode.swift; path = MusicPlayerController.swift; sourceTree = "<group>"; };
		720B346E1CF74D9D001D8893 /* UIColor+Sport.swift */ = {isa = PBXFileReference; fileEncoding = 4; lastKnownFileType = sourcecode.swift; path = "UIColor+Sport.swift"; sourceTree = "<group>"; };
		720B34741CF75149001D8893 /* ionicons.ttf */ = {isa = PBXFileReference; lastKnownFileType = file; path = ionicons.ttf; sourceTree = "<group>"; };
		720B34761CF75278001D8893 /* Ionicons.swift */ = {isa = PBXFileReference; fileEncoding = 4; lastKnownFileType = sourcecode.swift; path = Ionicons.swift; sourceTree = "<group>"; };
		720B347D1CF89A70001D8893 /* MusicPlayerView.swift */ = {isa = PBXFileReference; fileEncoding = 4; lastKnownFileType = sourcecode.swift; path = MusicPlayerView.swift; sourceTree = "<group>"; };
		720B347F1CF89A92001D8893 /* MusicPlayerPresenter.swift */ = {isa = PBXFileReference; fileEncoding = 4; lastKnownFileType = sourcecode.swift; path = MusicPlayerPresenter.swift; sourceTree = "<group>"; };
		720B34811CF89AA6001D8893 /* MusicPlayerPresenterImpl.swift */ = {isa = PBXFileReference; fileEncoding = 4; lastKnownFileType = sourcecode.swift; path = MusicPlayerPresenterImpl.swift; sourceTree = "<group>"; };
		720B34871CF8AC45001D8893 /* MusicLibraryController.swift */ = {isa = PBXFileReference; fileEncoding = 4; lastKnownFileType = sourcecode.swift; path = MusicLibraryController.swift; sourceTree = "<group>"; };
		720B34891CF8AD87001D8893 /* MusicLibraryView.swift */ = {isa = PBXFileReference; fileEncoding = 4; lastKnownFileType = sourcecode.swift; path = MusicLibraryView.swift; sourceTree = "<group>"; };
		720B348B1CF8B03B001D8893 /* MusicLibraryPresenter.swift */ = {isa = PBXFileReference; fileEncoding = 4; lastKnownFileType = sourcecode.swift; path = MusicLibraryPresenter.swift; sourceTree = "<group>"; };
		720B348D1CF8B04A001D8893 /* MusicLibraryPresenterImpl.swift */ = {isa = PBXFileReference; fileEncoding = 4; lastKnownFileType = sourcecode.swift; path = MusicLibraryPresenterImpl.swift; sourceTree = "<group>"; };
		720B348F1CF8BA4E001D8893 /* SongTableCell.swift */ = {isa = PBXFileReference; fileEncoding = 4; lastKnownFileType = sourcecode.swift; path = SongTableCell.swift; sourceTree = "<group>"; };
		720B34931CF9E4EE001D8893 /* MusicPlayerRouter.swift */ = {isa = PBXFileReference; fileEncoding = 4; lastKnownFileType = sourcecode.swift; path = MusicPlayerRouter.swift; sourceTree = "<group>"; };
		720B34951CF9E4FD001D8893 /* MusicPlayerRouterImpl.swift */ = {isa = PBXFileReference; fileEncoding = 4; lastKnownFileType = sourcecode.swift; path = MusicPlayerRouterImpl.swift; sourceTree = "<group>"; };
		720B34981CFC9973001D8893 /* SPAudioPlayer.swift */ = {isa = PBXFileReference; fileEncoding = 4; lastKnownFileType = sourcecode.swift; path = SPAudioPlayer.swift; sourceTree = "<group>"; };
		720B34B01CFF2855001D8893 /* SPPlayerItem.swift */ = {isa = PBXFileReference; fileEncoding = 4; lastKnownFileType = sourcecode.swift; path = SPPlayerItem.swift; sourceTree = "<group>"; };
		720B34B31CFF5317001D8893 /* SPPlayerItemAdapter.swift */ = {isa = PBXFileReference; fileEncoding = 4; lastKnownFileType = sourcecode.swift; path = SPPlayerItemAdapter.swift; sourceTree = "<group>"; };
		722BE8DB1CECD44400E51D68 /* BundleSyncManager.swift */ = {isa = PBXFileReference; fileEncoding = 4; lastKnownFileType = sourcecode.swift; path = BundleSyncManager.swift; sourceTree = "<group>"; };
		722BE8E31CEE191E00E51D68 /* songs */ = {isa = PBXFileReference; lastKnownFileType = folder; path = songs; sourceTree = "<group>"; };
		72349B4F1CDDFBA4002B3B84 /* Sport.app */ = {isa = PBXFileReference; explicitFileType = wrapper.application; includeInIndex = 0; path = Sport.app; sourceTree = BUILT_PRODUCTS_DIR; };
		72349B521CDDFBA4002B3B84 /* AppDelegate.swift */ = {isa = PBXFileReference; lastKnownFileType = sourcecode.swift; path = AppDelegate.swift; sourceTree = "<group>"; };
		72349B571CDDFBA4002B3B84 /* Base */ = {isa = PBXFileReference; lastKnownFileType = file.storyboard; name = Base; path = Base.lproj/Main.storyboard; sourceTree = "<group>"; };
		72349B5C1CDDFBA4002B3B84 /* Base */ = {isa = PBXFileReference; lastKnownFileType = file.storyboard; name = Base; path = Base.lproj/LaunchScreen.storyboard; sourceTree = "<group>"; };
		72349B5E1CDDFBA4002B3B84 /* Info.plist */ = {isa = PBXFileReference; lastKnownFileType = text.plist.xml; name = Info.plist; path = ../Info.plist; sourceTree = "<group>"; };
		723EDB1B1D088AA6008ADCA9 /* SongUtils.swift */ = {isa = PBXFileReference; fileEncoding = 4; lastKnownFileType = sourcecode.swift; path = SongUtils.swift; sourceTree = "<group>"; };
		72468B941CEA2ACC00EFBF62 /* AnalysisOutput.h */ = {isa = PBXFileReference; fileEncoding = 4; lastKnownFileType = sourcecode.c.h; path = AnalysisOutput.h; sourceTree = "<group>"; };
		72468B951CEA2ACC00EFBF62 /* AnalysisOutput.m */ = {isa = PBXFileReference; fileEncoding = 4; lastKnownFileType = sourcecode.c.objc; path = AnalysisOutput.m; sourceTree = "<group>"; };
		72468B971CEA3B3C00EFBF62 /* SongSyncManager.swift */ = {isa = PBXFileReference; fileEncoding = 4; lastKnownFileType = sourcecode.swift; path = SongSyncManager.swift; sourceTree = "<group>"; };
		72571D491D0DA24C001198E5 /* SPTrackPad.swift */ = {isa = PBXFileReference; fileEncoding = 4; lastKnownFileType = sourcecode.swift; path = SPTrackPad.swift; sourceTree = "<group>"; };
		72571D6E1D0F2F14001198E5 /* en */ = {isa = PBXFileReference; lastKnownFileType = text.plist.strings; name = en; path = en.lproj/Localization.strings; sourceTree = "<group>"; };
		72571D701D0F329E001198E5 /* Localization.swift */ = {isa = PBXFileReference; fileEncoding = 4; lastKnownFileType = sourcecode.swift; path = Localization.swift; sourceTree = "<group>"; };
		725EF46B1D132DD3001F050B /* SPActivityRateView.swift */ = {isa = PBXFileReference; fileEncoding = 4; lastKnownFileType = sourcecode.swift; path = SPActivityRateView.swift; sourceTree = "<group>"; };
		727F32291D226B0700A7A947 /* TourGuiderController.swift */ = {isa = PBXFileReference; fileEncoding = 4; lastKnownFileType = sourcecode.swift; path = TourGuiderController.swift; sourceTree = "<group>"; };
		727F322B1D22BEB400A7A947 /* InitialViewController.swift */ = {isa = PBXFileReference; fileEncoding = 4; lastKnownFileType = sourcecode.swift; path = InitialViewController.swift; sourceTree = "<group>"; };
		727F322D1D22C4FC00A7A947 /* TourGuideContentController.swift */ = {isa = PBXFileReference; fileEncoding = 4; lastKnownFileType = sourcecode.swift; path = TourGuideContentController.swift; sourceTree = "<group>"; };
		7297330B1D034869000A6384 /* SongViewData.swift */ = {isa = PBXFileReference; fileEncoding = 4; lastKnownFileType = sourcecode.swift; path = SongViewData.swift; sourceTree = "<group>"; };
		7297330D1D0348CE000A6384 /* PlaylistSongCell.swift */ = {isa = PBXFileReference; fileEncoding = 4; lastKnownFileType = sourcecode.swift; path = PlaylistSongCell.swift; sourceTree = "<group>"; };
		72A6BC501CE24CE7007C0254 /* aubio.framework */ = {isa = PBXFileReference; lastKnownFileType = wrapper.framework; name = aubio.framework; path = Sport/Frameworks/aubio.framework; sourceTree = "<group>"; };
		72A6BC521CE24F6E007C0254 /* BridgingHeader.h */ = {isa = PBXFileReference; lastKnownFileType = sourcecode.c.h; path = BridgingHeader.h; sourceTree = "<group>"; };
		72A6BC551CE386DD007C0254 /* AubioWrapper.h */ = {isa = PBXFileReference; fileEncoding = 4; lastKnownFileType = sourcecode.c.h; path = AubioWrapper.h; sourceTree = "<group>"; };
		72A6BC561CE386DD007C0254 /* AubioWrapper.mm */ = {isa = PBXFileReference; fileEncoding = 4; lastKnownFileType = sourcecode.cpp.objcpp; path = AubioWrapper.mm; sourceTree = "<group>"; };
		72A6BC9C1CE4EBAD007C0254 /* String+Extension.swift */ = {isa = PBXFileReference; fileEncoding = 4; lastKnownFileType = sourcecode.swift; path = "String+Extension.swift"; sourceTree = "<group>"; };
		72A6BC9E1CE4F695007C0254 /* FileManager.swift */ = {isa = PBXFileReference; fileEncoding = 4; lastKnownFileType = sourcecode.swift; path = FileManager.swift; sourceTree = "<group>"; };
		72A8C3CF1D0C8DD700DF08DF /* TNSlider.swift */ = {isa = PBXFileReference; fileEncoding = 4; lastKnownFileType = sourcecode.swift; path = TNSlider.swift; sourceTree = "<group>"; };
		72A8C3D01D0C8DD700DF08DF /* TNTextLayer.swift */ = {isa = PBXFileReference; fileEncoding = 4; lastKnownFileType = sourcecode.swift; path = TNTextLayer.swift; sourceTree = "<group>"; };
		72A8C3D11D0C8DD700DF08DF /* TNTrackLayer.swift */ = {isa = PBXFileReference; fileEncoding = 4; lastKnownFileType = sourcecode.swift; path = TNTrackLayer.swift; sourceTree = "<group>"; };
		72B91D681CDF2266000E4923 /* MediaPlayer.framework */ = {isa = PBXFileReference; lastKnownFileType = wrapper.framework; name = MediaPlayer.framework; path = System/Library/Frameworks/MediaPlayer.framework; sourceTree = SDKROOT; };
		72B91D791CDF6B52000E4923 /* ItunesSyncManager.swift */ = {isa = PBXFileReference; fileEncoding = 4; lastKnownFileType = sourcecode.swift; path = ItunesSyncManager.swift; sourceTree = "<group>"; };
		72B91D7D1CE2165D000E4923 /* AVFoundation.framework */ = {isa = PBXFileReference; lastKnownFileType = wrapper.framework; name = AVFoundation.framework; path = System/Library/Frameworks/AVFoundation.framework; sourceTree = SDKROOT; };
		72E85BD41D040E790025CAFE /* DependencyInjector.swift */ = {isa = PBXFileReference; fileEncoding = 4; lastKnownFileType = sourcecode.swift; path = DependencyInjector.swift; sourceTree = "<group>"; };
		72ED32161D185DCA001CF71D /* SingleAnalysisOperation.swift */ = {isa = PBXFileReference; fileEncoding = 4; lastKnownFileType = sourcecode.swift; path = SingleAnalysisOperation.swift; sourceTree = "<group>"; };
		72ED32181D186333001CF71D /* ConcurrentOperation.swift */ = {isa = PBXFileReference; fileEncoding = 4; lastKnownFileType = sourcecode.swift; path = ConcurrentOperation.swift; sourceTree = "<group>"; };
		72EEA86A1D1D8C7C00E35D56 /* CoreMotion.framework */ = {isa = PBXFileReference; lastKnownFileType = wrapper.framework; name = CoreMotion.framework; path = System/Library/Frameworks/CoreMotion.framework; sourceTree = SDKROOT; };
		72F6F0CA1CE896B800142CD0 /* SPSlider.swift */ = {isa = PBXFileReference; fileEncoding = 4; lastKnownFileType = sourcecode.swift; path = SPSlider.swift; sourceTree = "<group>"; };
		72F6F0CE1CE8C80000142CD0 /* AppUserDefaults.swift */ = {isa = PBXFileReference; fileEncoding = 4; lastKnownFileType = sourcecode.swift; path = AppUserDefaults.swift; sourceTree = "<group>"; };
		72F6F0D11CE8E59800142CD0 /* SongRepository.swift */ = {isa = PBXFileReference; fileEncoding = 4; lastKnownFileType = sourcecode.swift; path = SongRepository.swift; sourceTree = "<group>"; };
		72F6F0D31CE8E7E600142CD0 /* SongRealmRepository.swift */ = {isa = PBXFileReference; fileEncoding = 4; lastKnownFileType = sourcecode.swift; path = SongRealmRepository.swift; sourceTree = "<group>"; };
		72F8F5F51D2EC23A008C7517 /* SPPedometer.swift */ = {isa = PBXFileReference; fileEncoding = 4; lastKnownFileType = sourcecode.swift; path = SPPedometer.swift; sourceTree = "<group>"; };
		9817230583463F6DD3301FF7 /* Pods-Sport.release.xcconfig */ = {isa = PBXFileReference; includeInIndex = 1; lastKnownFileType = text.xcconfig; name = "Pods-Sport.release.xcconfig"; path = "Pods/Target Support Files/Pods-Sport/Pods-Sport.release.xcconfig"; sourceTree = "<group>"; };
		A4B27EEDC961B8A3FCC99D4B /* Pods-Sport.debug.xcconfig */ = {isa = PBXFileReference; includeInIndex = 1; lastKnownFileType = text.xcconfig; name = "Pods-Sport.debug.xcconfig"; path = "Pods/Target Support Files/Pods-Sport/Pods-Sport.debug.xcconfig"; sourceTree = "<group>"; };
		A70831991DE6C735008F83EE /* libessentia.a */ = {isa = PBXFileReference; lastKnownFileType = archive.ar; name = libessentia.a; path = Essentia/libessentia.a; sourceTree = "<group>"; };
		A70856781DE74E1500CCD59F /* libiconv.2.4.0.tbd */ = {isa = PBXFileReference; lastKnownFileType = "sourcecode.text-based-dylib-definition"; name = libiconv.2.4.0.tbd; path = usr/lib/libiconv.2.4.0.tbd; sourceTree = SDKROOT; };
		A708567A1DE74E1F00CCD59F /* libz.tbd */ = {isa = PBXFileReference; lastKnownFileType = "sourcecode.text-based-dylib-definition"; name = libz.tbd; path = usr/lib/libz.tbd; sourceTree = SDKROOT; };
		A708567C1DE74E2700CCD59F /* libbz2.1.0.tbd */ = {isa = PBXFileReference; lastKnownFileType = "sourcecode.text-based-dylib-definition"; name = libbz2.1.0.tbd; path = usr/lib/libbz2.1.0.tbd; sourceTree = SDKROOT; };
		A73913731CE47E4E00874A04 /* Accelerate.framework */ = {isa = PBXFileReference; lastKnownFileType = wrapper.framework; name = Accelerate.framework; path = System/Library/Frameworks/Accelerate.framework; sourceTree = SDKROOT; };
		A7B743531D95137900E5DB15 /* Assets.xcassets */ = {isa = PBXFileReference; lastKnownFileType = folder.assetcatalog; path = Assets.xcassets; sourceTree = "<group>"; };
		A7CE05E71DE7CE7C0089BF84 /* Foundation.framework */ = {isa = PBXFileReference; lastKnownFileType = wrapper.framework; name = Foundation.framework; path = System/Library/Frameworks/Foundation.framework; sourceTree = SDKROOT; };
		A7CE05E91DE7E34F0089BF84 /* VideoToolbox.framework */ = {isa = PBXFileReference; lastKnownFileType = wrapper.framework; name = VideoToolbox.framework; path = System/Library/Frameworks/VideoToolbox.framework; sourceTree = SDKROOT; };
/* End PBXFileReference section */

/* Begin PBXFrameworksBuildPhase section */
		72349B4C1CDDFBA4002B3B84 /* Frameworks */ = {
			isa = PBXFrameworksBuildPhase;
			buildActionMask = 2147483647;
			files = (
				A7CE05EA1DE7E34F0089BF84 /* VideoToolbox.framework in Frameworks */,
				A7CE05E81DE7CE7C0089BF84 /* Foundation.framework in Frameworks */,
				A708567D1DE74E2700CCD59F /* libbz2.1.0.tbd in Frameworks */,
				A708567B1DE74E1F00CCD59F /* libz.tbd in Frameworks */,
				A70856791DE74E1500CCD59F /* libiconv.2.4.0.tbd in Frameworks */,
				A708319A1DE6C735008F83EE /* libessentia.a in Frameworks */,
				72EEA86B1D1D8C7C00E35D56 /* CoreMotion.framework in Frameworks */,
				729D088A1D11BC04001AC7B2 /* aubio.framework in Frameworks */,
				A73913741CE47E4E00874A04 /* Accelerate.framework in Frameworks */,
				72B91D7E1CE2165D000E4923 /* AVFoundation.framework in Frameworks */,
				72B91D691CDF2266000E4923 /* MediaPlayer.framework in Frameworks */,
				E2ABBDD0825D2823D2EEB629 /* Pods_Sport.framework in Frameworks */,
			);
			runOnlyForDeploymentPostprocessing = 0;
		};
/* End PBXFrameworksBuildPhase section */

/* Begin PBXGroup section */
		62A4BE94FF812D39540CFB3E /* Frameworks */ = {
			isa = PBXGroup;
			children = (
				A7CE05E91DE7E34F0089BF84 /* VideoToolbox.framework */,
				A7CE05E71DE7CE7C0089BF84 /* Foundation.framework */,
				A708567C1DE74E2700CCD59F /* libbz2.1.0.tbd */,
				A708567A1DE74E1F00CCD59F /* libz.tbd */,
				A70856781DE74E1500CCD59F /* libiconv.2.4.0.tbd */,
				72EEA86A1D1D8C7C00E35D56 /* CoreMotion.framework */,
				A73913731CE47E4E00874A04 /* Accelerate.framework */,
				72A6BC501CE24CE7007C0254 /* aubio.framework */,
				72B91D7D1CE2165D000E4923 /* AVFoundation.framework */,
				72B91D681CDF2266000E4923 /* MediaPlayer.framework */,
				627CE3E723BA807CA870F32B /* Pods_Sport.framework */,
			);
			name = Frameworks;
			sourceTree = "<group>";
		};
		720AC1B91CE7AFB500898A87 /* Common */ = {
			isa = PBXGroup;
			children = (
				72571D701D0F329E001198E5 /* Localization.swift */,
				72A6BC9C1CE4EBAD007C0254 /* String+Extension.swift */,
				720AC1B51CE799A400898A87 /* Constants.swift */,
				720B346E1CF74D9D001D8893 /* UIColor+Sport.swift */,
				723EDB1B1D088AA6008ADCA9 /* SongUtils.swift */,
				72F6F0CE1CE8C80000142CD0 /* AppUserDefaults.swift */,
			);
			name = Common;
			sourceTree = "<group>";
		};
		720AC1BA1CE7AFC700898A87 /* Models */ = {
			isa = PBXGroup;
			children = (
				7297330B1D034869000A6384 /* SongViewData.swift */,
				720AC1B21CE70EED00898A87 /* SongData.swift */,
			);
			name = Models;
			sourceTree = "<group>";
		};
		720B344D1CF60618001D8893 /* MusicScreen */ = {
			isa = PBXGroup;
			children = (
				720B347C1CF89A1E001D8893 /* Presenter */,
				720B347B1CF89A0C001D8893 /* View */,
				720B34971CF9E660001D8893 /* Router */,
			);
			name = MusicScreen;
			sourceTree = "<group>";
		};
		720B34731CF750F1001D8893 /* Libraries */ = {
			isa = PBXGroup;
			children = (
				A7CE05EB1DE7EF910089BF84 /* AudioKit */,
				A73E3FD01DE29E7B007460BE /* Essentia */,
				72A8C3CE1D0C8DD700DF08DF /* TNSlider */,
				720B34751CF75278001D8893 /* Ionicons */,
			);
			path = Libraries;
			sourceTree = "<group>";
		};
		720B34751CF75278001D8893 /* Ionicons */ = {
			isa = PBXGroup;
			children = (
				720B34761CF75278001D8893 /* Ionicons.swift */,
			);
			path = Ionicons;
			sourceTree = "<group>";
		};
		720B347B1CF89A0C001D8893 /* View */ = {
			isa = PBXGroup;
			children = (
				720B347D1CF89A70001D8893 /* MusicPlayerView.swift */,
				720B344E1CF60646001D8893 /* MusicPlayerController.swift */,
				7297330D1D0348CE000A6384 /* PlaylistSongCell.swift */,
				72571D491D0DA24C001198E5 /* SPTrackPad.swift */,
				725EF46B1D132DD3001F050B /* SPActivityRateView.swift */,
			);
			name = View;
			sourceTree = "<group>";
		};
		720B347C1CF89A1E001D8893 /* Presenter */ = {
			isa = PBXGroup;
			children = (
				720B347F1CF89A92001D8893 /* MusicPlayerPresenter.swift */,
				720B34811CF89AA6001D8893 /* MusicPlayerPresenterImpl.swift */,
				72F8F5F51D2EC23A008C7517 /* SPPedometer.swift */,
			);
			name = Presenter;
			sourceTree = "<group>";
		};
		720B34831CF89B77001D8893 /* Screens */ = {
			isa = PBXGroup;
			children = (
				727F32281D226AE500A7A947 /* TourGuideScreen */,
				727F322F1D22EB3400A7A947 /* InitialScreen */,
				720B344D1CF60618001D8893 /* MusicScreen */,
				720B34841CF8AC0C001D8893 /* LibraryScreen */,
			);
			name = Screens;
			sourceTree = "<group>";
		};
		720B34841CF8AC0C001D8893 /* LibraryScreen */ = {
			isa = PBXGroup;
			children = (
				720B34861CF8AC1E001D8893 /* View */,
				720B34851CF8AC17001D8893 /* Presenter */,
			);
			name = LibraryScreen;
			sourceTree = "<group>";
		};
		720B34851CF8AC17001D8893 /* Presenter */ = {
			isa = PBXGroup;
			children = (
				720B348B1CF8B03B001D8893 /* MusicLibraryPresenter.swift */,
				720B348D1CF8B04A001D8893 /* MusicLibraryPresenterImpl.swift */,
			);
			name = Presenter;
			sourceTree = "<group>";
		};
		720B34861CF8AC1E001D8893 /* View */ = {
			isa = PBXGroup;
			children = (
				720B34891CF8AD87001D8893 /* MusicLibraryView.swift */,
				720B34871CF8AC45001D8893 /* MusicLibraryController.swift */,
				720B348F1CF8BA4E001D8893 /* SongTableCell.swift */,
			);
			name = View;
			sourceTree = "<group>";
		};
		720B34971CF9E660001D8893 /* Router */ = {
			isa = PBXGroup;
			children = (
				720B34931CF9E4EE001D8893 /* MusicPlayerRouter.swift */,
				720B34951CF9E4FD001D8893 /* MusicPlayerRouterImpl.swift */,
			);
			name = Router;
			sourceTree = "<group>";
		};
		720B34B21CFF514E001D8893 /* SPAudioPlayer */ = {
			isa = PBXGroup;
			children = (
				720B34981CFC9973001D8893 /* SPAudioPlayer.swift */,
				720B34B01CFF2855001D8893 /* SPPlayerItem.swift */,
				720B34B31CFF5317001D8893 /* SPPlayerItemAdapter.swift */,
			);
			name = SPAudioPlayer;
			sourceTree = "<group>";
		};
		722BE8DD1CECD51A00E51D68 /* Resources */ = {
			isa = PBXGroup;
			children = (
				A7B743531D95137900E5DB15 /* Assets.xcassets */,
				72349B561CDDFBA4002B3B84 /* Main.storyboard */,
				72349B5B1CDDFBA4002B3B84 /* LaunchScreen.storyboard */,
				72349B5E1CDDFBA4002B3B84 /* Info.plist */,
				72571D6F1D0F2F14001198E5 /* Localization.strings */,
				720B34741CF75149001D8893 /* ionicons.ttf */,
				722BE8E31CEE191E00E51D68 /* songs */,
			);
			path = Resources;
			sourceTree = "<group>";
		};
		72349B461CDDFBA4002B3B84 = {
			isa = PBXGroup;
			children = (
				72349B511CDDFBA4002B3B84 /* Sport */,
				72349B501CDDFBA4002B3B84 /* Products */,
				62A4BE94FF812D39540CFB3E /* Frameworks */,
				E5A20245EEAE4F432B42E6C2 /* Pods */,
			);
			sourceTree = "<group>";
		};
		72349B501CDDFBA4002B3B84 /* Products */ = {
			isa = PBXGroup;
			children = (
				72349B4F1CDDFBA4002B3B84 /* Sport.app */,
			);
			name = Products;
			sourceTree = "<group>";
		};
		72349B511CDDFBA4002B3B84 /* Sport */ = {
			isa = PBXGroup;
			children = (
				720B34731CF750F1001D8893 /* Libraries */,
				72A6BC541CE386B7007C0254 /* AubioWrapper */,
				720AC1B91CE7AFB500898A87 /* Common */,
				72B91D7B1CDF6B5D000E4923 /* Manager */,
				720AC1BA1CE7AFC700898A87 /* Models */,
				720B34831CF89B77001D8893 /* Screens */,
				72B91D6A1CDF2D46000E4923 /* AppDelegate */,
				722BE8DD1CECD51A00E51D68 /* Resources */,
				72B91D6C1CDF2E75000E4923 /* Others */,
				72F6F0CA1CE896B800142CD0 /* SPSlider.swift */,
			);
			path = Sport;
			sourceTree = "<group>";
		};
		72468B991CEA3C0A00EFBF62 /* Sync */ = {
			isa = PBXGroup;
			children = (
				72468B971CEA3B3C00EFBF62 /* SongSyncManager.swift */,
				72B91D791CDF6B52000E4923 /* ItunesSyncManager.swift */,
				722BE8DB1CECD44400E51D68 /* BundleSyncManager.swift */,
				72ED32161D185DCA001CF71D /* SingleAnalysisOperation.swift */,
				72ED32181D186333001CF71D /* ConcurrentOperation.swift */,
			);
			name = Sync;
			sourceTree = "<group>";
		};
		727F32281D226AE500A7A947 /* TourGuideScreen */ = {
			isa = PBXGroup;
			children = (
				727F32291D226B0700A7A947 /* TourGuiderController.swift */,
				727F322D1D22C4FC00A7A947 /* TourGuideContentController.swift */,
			);
			name = TourGuideScreen;
			sourceTree = "<group>";
		};
		727F322F1D22EB3400A7A947 /* InitialScreen */ = {
			isa = PBXGroup;
			children = (
				727F322B1D22BEB400A7A947 /* InitialViewController.swift */,
			);
			name = InitialScreen;
			sourceTree = "<group>";
		};
		72A6BC541CE386B7007C0254 /* AubioWrapper */ = {
			isa = PBXGroup;
			children = (
				72A6BC551CE386DD007C0254 /* AubioWrapper.h */,
				72A6BC561CE386DD007C0254 /* AubioWrapper.mm */,
				72468B941CEA2ACC00EFBF62 /* AnalysisOutput.h */,
				72468B951CEA2ACC00EFBF62 /* AnalysisOutput.m */,
			);
			name = AubioWrapper;
			sourceTree = "<group>";
		};
		72A8C3CE1D0C8DD700DF08DF /* TNSlider */ = {
			isa = PBXGroup;
			children = (
				72A8C3CF1D0C8DD700DF08DF /* TNSlider.swift */,
				72A8C3D01D0C8DD700DF08DF /* TNTextLayer.swift */,
				72A8C3D11D0C8DD700DF08DF /* TNTrackLayer.swift */,
			);
			path = TNSlider;
			sourceTree = "<group>";
		};
		72B91D6A1CDF2D46000E4923 /* AppDelegate */ = {
			isa = PBXGroup;
			children = (
				72349B521CDDFBA4002B3B84 /* AppDelegate.swift */,
			);
			name = AppDelegate;
			sourceTree = "<group>";
		};
		72B91D6C1CDF2E75000E4923 /* Others */ = {
			isa = PBXGroup;
			children = (
				72A6BC521CE24F6E007C0254 /* BridgingHeader.h */,
			);
			name = Others;
			sourceTree = "<group>";
		};
		72B91D7B1CDF6B5D000E4923 /* Manager */ = {
			isa = PBXGroup;
			children = (
				72468B991CEA3C0A00EFBF62 /* Sync */,
				72F6F0D01CE8E50900142CD0 /* SongRepositories */,
				720B34B21CFF514E001D8893 /* SPAudioPlayer */,
				72A6BC9E1CE4F695007C0254 /* FileManager.swift */,
				720AC1B71CE7A61500898A87 /* RealmFactory.swift */,
				72E85BD41D040E790025CAFE /* DependencyInjector.swift */,
			);
			name = Manager;
			sourceTree = "<group>";
		};
		72F6F0D01CE8E50900142CD0 /* SongRepositories */ = {
			isa = PBXGroup;
			children = (
				72F6F0D11CE8E59800142CD0 /* SongRepository.swift */,
				72F6F0D31CE8E7E600142CD0 /* SongRealmRepository.swift */,
			);
			name = SongRepositories;
			sourceTree = "<group>";
		};
		A73E3FD01DE29E7B007460BE /* Essentia */ = {
			isa = PBXGroup;
			children = (
				A70831991DE6C735008F83EE /* libessentia.a */,
			);
			name = Essentia;
			sourceTree = "<group>";
		};
		A7CE05EB1DE7EF910089BF84 /* AudioKit */ = {
			isa = PBXGroup;
			children = (
			);
			name = AudioKit;
			sourceTree = "<group>";
		};
		E5A20245EEAE4F432B42E6C2 /* Pods */ = {
			isa = PBXGroup;
			children = (
				A4B27EEDC961B8A3FCC99D4B /* Pods-Sport.debug.xcconfig */,
				9817230583463F6DD3301FF7 /* Pods-Sport.release.xcconfig */,
			);
			name = Pods;
			sourceTree = "<group>";
		};
/* End PBXGroup section */

/* Begin PBXNativeTarget section */
		72349B4E1CDDFBA4002B3B84 /* Sport */ = {
			isa = PBXNativeTarget;
			buildConfigurationList = 72349B611CDDFBA4002B3B84 /* Build configuration list for PBXNativeTarget "Sport" */;
			buildPhases = (
				18366BA8B515DCAACF2FFD1D /* [CP] Check Pods Manifest.lock */,
				72349B4B1CDDFBA4002B3B84 /* Sources */,
				72349B4C1CDDFBA4002B3B84 /* Frameworks */,
				72349B4D1CDDFBA4002B3B84 /* Resources */,
				72E11C891D1528FB0024803E /* Embed Frameworks */,
				720B34B51CFF6093001D8893 /* Run Fabric Script */,
				C7E94C289FCB334A42580AEB /* [CP] Embed Pods Frameworks */,
				52664579EF9A79A25CE6D829 /* [CP] Copy Pods Resources */,
			);
			buildRules = (
			);
			dependencies = (
			);
			name = Sport;
			productName = Sport;
			productReference = 72349B4F1CDDFBA4002B3B84 /* Sport.app */;
			productType = "com.apple.product-type.application";
		};
/* End PBXNativeTarget section */

/* Begin PBXProject section */
		72349B471CDDFBA4002B3B84 /* Project object */ = {
			isa = PBXProject;
			attributes = {
				LastSwiftUpdateCheck = 0730;
				LastUpgradeCheck = 0800;
				ORGANIZATIONNAME = tiennth;
				TargetAttributes = {
					72349B4E1CDDFBA4002B3B84 = {
						CreatedOnToolsVersion = 7.3;
						DevelopmentTeam = L8GZZ588QM;
						LastSwiftMigration = 0800;
						SystemCapabilities = {
							com.apple.BackgroundModes = {
								enabled = 1;
							};
						};
					};
				};
			};
			buildConfigurationList = 72349B4A1CDDFBA4002B3B84 /* Build configuration list for PBXProject "Sport" */;
			compatibilityVersion = "Xcode 3.2";
			developmentRegion = English;
			hasScannedForEncodings = 0;
			knownRegions = (
				en,
				Base,
			);
			mainGroup = 72349B461CDDFBA4002B3B84;
			productRefGroup = 72349B501CDDFBA4002B3B84 /* Products */;
			projectDirPath = "";
			projectRoot = "";
			targets = (
				72349B4E1CDDFBA4002B3B84 /* Sport */,
			);
		};
/* End PBXProject section */

/* Begin PBXResourcesBuildPhase section */
		72349B4D1CDDFBA4002B3B84 /* Resources */ = {
			isa = PBXResourcesBuildPhase;
			buildActionMask = 2147483647;
			files = (
				720B34781CF75EFA001D8893 /* ionicons.ttf in Resources */,
				72349B5D1CDDFBA4002B3B84 /* LaunchScreen.storyboard in Resources */,
				72571D6D1D0F2F14001198E5 /* Localization.strings in Resources */,
				72349B581CDDFBA4002B3B84 /* Main.storyboard in Resources */,
				A7B743541D95137900E5DB15 /* Assets.xcassets in Resources */,
				722BE8E41CEE191E00E51D68 /* songs in Resources */,
			);
			runOnlyForDeploymentPostprocessing = 0;
		};
/* End PBXResourcesBuildPhase section */

/* Begin PBXShellScriptBuildPhase section */
		18366BA8B515DCAACF2FFD1D /* [CP] Check Pods Manifest.lock */ = {
			isa = PBXShellScriptBuildPhase;
			buildActionMask = 2147483647;
			files = (
			);
			inputPaths = (
			);
			name = "[CP] Check Pods Manifest.lock";
			outputPaths = (
			);
			runOnlyForDeploymentPostprocessing = 0;
			shellPath = /bin/sh;
			shellScript = "diff \"${PODS_ROOT}/../Podfile.lock\" \"${PODS_ROOT}/Manifest.lock\" > /dev/null\nif [ $? != 0 ] ; then\n    # print error to STDERR\n    echo \"error: The sandbox is not in sync with the Podfile.lock. Run 'pod install' or update your CocoaPods installation.\" >&2\n    exit 1\nfi\n";
			showEnvVarsInLog = 0;
		};
		52664579EF9A79A25CE6D829 /* [CP] Copy Pods Resources */ = {
			isa = PBXShellScriptBuildPhase;
			buildActionMask = 2147483647;
			files = (
			);
			inputPaths = (
			);
			name = "[CP] Copy Pods Resources";
			outputPaths = (
			);
			runOnlyForDeploymentPostprocessing = 0;
			shellPath = /bin/sh;
			shellScript = "\"${SRCROOT}/Pods/Target Support Files/Pods-Sport/Pods-Sport-resources.sh\"\n";
			showEnvVarsInLog = 0;
		};
		720B34B51CFF6093001D8893 /* Run Fabric Script */ = {
			isa = PBXShellScriptBuildPhase;
			buildActionMask = 2147483647;
			files = (
			);
			inputPaths = (
			);
			name = "Run Fabric Script";
			outputPaths = (
			);
			runOnlyForDeploymentPostprocessing = 0;
			shellPath = /bin/sh;
			shellScript = "\"${PODS_ROOT}/Fabric/run\" c804603b40d70704536f6ceb7b4a689f97bcb1bf fb67ce4ac8b25298657c26558b1ed6dd1607fcd7c8f2af02a26068921bd19c49";
		};
		C7E94C289FCB334A42580AEB /* [CP] Embed Pods Frameworks */ = {
			isa = PBXShellScriptBuildPhase;
			buildActionMask = 2147483647;
			files = (
			);
			inputPaths = (
			);
			name = "[CP] Embed Pods Frameworks";
			outputPaths = (
			);
			runOnlyForDeploymentPostprocessing = 0;
			shellPath = /bin/sh;
			shellScript = "\"${SRCROOT}/Pods/Target Support Files/Pods-Sport/Pods-Sport-frameworks.sh\"\n";
			showEnvVarsInLog = 0;
		};
/* End PBXShellScriptBuildPhase section */

/* Begin PBXSourcesBuildPhase section */
		72349B4B1CDDFBA4002B3B84 /* Sources */ = {
			isa = PBXSourcesBuildPhase;
			buildActionMask = 2147483647;
			files = (
				72571D4A1D0DA24C001198E5 /* SPTrackPad.swift in Sources */,
				720B34801CF89A92001D8893 /* MusicPlayerPresenter.swift in Sources */,
				720B34881CF8AC45001D8893 /* MusicLibraryController.swift in Sources */,
				720AC1B81CE7A61500898A87 /* RealmFactory.swift in Sources */,
				720B34B11CFF2855001D8893 /* SPPlayerItem.swift in Sources */,
				720B34941CF9E4EE001D8893 /* MusicPlayerRouter.swift in Sources */,
				720B347E1CF89A70001D8893 /* MusicPlayerView.swift in Sources */,
				720B34B41CFF5317001D8893 /* SPPlayerItemAdapter.swift in Sources */,
				720B346F1CF74D9D001D8893 /* UIColor+Sport.swift in Sources */,
				72F6F0CB1CE896B800142CD0 /* SPSlider.swift in Sources */,
				722BE8DC1CECD44400E51D68 /* BundleSyncManager.swift in Sources */,
				720B348C1CF8B03B001D8893 /* MusicLibraryPresenter.swift in Sources */,
				72349B531CDDFBA4002B3B84 /* AppDelegate.swift in Sources */,
				727F322C1D22BEB400A7A947 /* InitialViewController.swift in Sources */,
				720B34961CF9E4FD001D8893 /* MusicPlayerRouterImpl.swift in Sources */,
				72A6BC9D1CE4EBAD007C0254 /* String+Extension.swift in Sources */,
				723EDB1C1D088AA6008ADCA9 /* SongUtils.swift in Sources */,
				72E85BD51D040E790025CAFE /* DependencyInjector.swift in Sources */,
				72468B961CEA2ACC00EFBF62 /* AnalysisOutput.m in Sources */,
				72A8C3D41D0C8DD700DF08DF /* TNTrackLayer.swift in Sources */,
				720B34901CF8BA4E001D8893 /* SongTableCell.swift in Sources */,
				72F6F0D21CE8E59800142CD0 /* SongRepository.swift in Sources */,
				72F6F0D41CE8E7E600142CD0 /* SongRealmRepository.swift in Sources */,
				72A6BC571CE386DD007C0254 /* AubioWrapper.mm in Sources */,
				720AC1B31CE70EED00898A87 /* SongData.swift in Sources */,
				72A6BC9F1CE4F695007C0254 /* FileManager.swift in Sources */,
				7297330C1D034869000A6384 /* SongViewData.swift in Sources */,
				72468B981CEA3B3C00EFBF62 /* SongSyncManager.swift in Sources */,
				720B344F1CF60646001D8893 /* MusicPlayerController.swift in Sources */,
				72B91D7A1CDF6B52000E4923 /* ItunesSyncManager.swift in Sources */,
				720B348E1CF8B04A001D8893 /* MusicLibraryPresenterImpl.swift in Sources */,
				720B34991CFC9973001D8893 /* SPAudioPlayer.swift in Sources */,
				72A8C3D31D0C8DD700DF08DF /* TNTextLayer.swift in Sources */,
				720B34771CF75278001D8893 /* Ionicons.swift in Sources */,
				727F322E1D22C4FC00A7A947 /* TourGuideContentController.swift in Sources */,
				72F8F5F61D2EC23A008C7517 /* SPPedometer.swift in Sources */,
				720B34821CF89AA6001D8893 /* MusicPlayerPresenterImpl.swift in Sources */,
				72ED32171D185DCA001CF71D /* SingleAnalysisOperation.swift in Sources */,
				720B348A1CF8AD87001D8893 /* MusicLibraryView.swift in Sources */,
				72ED32191D186333001CF71D /* ConcurrentOperation.swift in Sources */,
				72A8C3D21D0C8DD700DF08DF /* TNSlider.swift in Sources */,
				72571D711D0F329E001198E5 /* Localization.swift in Sources */,
				72F6F0CF1CE8C80000142CD0 /* AppUserDefaults.swift in Sources */,
				720AC1B61CE799A400898A87 /* Constants.swift in Sources */,
				727F322A1D226B0700A7A947 /* TourGuiderController.swift in Sources */,
				725EF46C1D132DD3001F050B /* SPActivityRateView.swift in Sources */,
				7297330E1D0348CE000A6384 /* PlaylistSongCell.swift in Sources */,
			);
			runOnlyForDeploymentPostprocessing = 0;
		};
/* End PBXSourcesBuildPhase section */

/* Begin PBXVariantGroup section */
		72349B561CDDFBA4002B3B84 /* Main.storyboard */ = {
			isa = PBXVariantGroup;
			children = (
				72349B571CDDFBA4002B3B84 /* Base */,
			);
			name = Main.storyboard;
			path = ..;
			sourceTree = "<group>";
		};
		72349B5B1CDDFBA4002B3B84 /* LaunchScreen.storyboard */ = {
			isa = PBXVariantGroup;
			children = (
				72349B5C1CDDFBA4002B3B84 /* Base */,
			);
			name = LaunchScreen.storyboard;
			path = ..;
			sourceTree = "<group>";
		};
		72571D6F1D0F2F14001198E5 /* Localization.strings */ = {
			isa = PBXVariantGroup;
			children = (
				72571D6E1D0F2F14001198E5 /* en */,
			);
			name = Localization.strings;
			path = ..;
			sourceTree = "<group>";
		};
/* End PBXVariantGroup section */

/* Begin XCBuildConfiguration section */
		72349B5F1CDDFBA4002B3B84 /* Debug */ = {
			isa = XCBuildConfiguration;
			buildSettings = {
				ALWAYS_SEARCH_USER_PATHS = NO;
				CLANG_ANALYZER_NONNULL = YES;
				CLANG_CXX_LANGUAGE_STANDARD = "gnu++0x";
				CLANG_CXX_LIBRARY = "libc++";
				CLANG_ENABLE_MODULES = YES;
				CLANG_ENABLE_OBJC_ARC = YES;
				CLANG_WARN_BOOL_CONVERSION = YES;
				CLANG_WARN_CONSTANT_CONVERSION = YES;
				CLANG_WARN_DIRECT_OBJC_ISA_USAGE = YES_ERROR;
				CLANG_WARN_EMPTY_BODY = YES;
				CLANG_WARN_ENUM_CONVERSION = YES;
				CLANG_WARN_INFINITE_RECURSION = YES;
				CLANG_WARN_INT_CONVERSION = YES;
				CLANG_WARN_OBJC_ROOT_CLASS = YES_ERROR;
				CLANG_WARN_SUSPICIOUS_MOVE = YES;
				CLANG_WARN_UNREACHABLE_CODE = YES;
				CLANG_WARN__DUPLICATE_METHOD_MATCH = YES;
				"CODE_SIGN_IDENTITY[sdk=iphoneos*]" = "iPhone Developer";
				COPY_PHASE_STRIP = NO;
				DEBUG_INFORMATION_FORMAT = dwarf;
				ENABLE_STRICT_OBJC_MSGSEND = YES;
				ENABLE_TESTABILITY = YES;
				GCC_C_LANGUAGE_STANDARD = gnu99;
				GCC_DYNAMIC_NO_PIC = NO;
				GCC_NO_COMMON_BLOCKS = YES;
				GCC_OPTIMIZATION_LEVEL = 0;
				GCC_PREPROCESSOR_DEFINITIONS = (
					"DEBUG=1",
					"$(inherited)",
				);
				GCC_WARN_64_TO_32_BIT_CONVERSION = YES;
				GCC_WARN_ABOUT_RETURN_TYPE = YES_ERROR;
				GCC_WARN_UNDECLARED_SELECTOR = YES;
				GCC_WARN_UNINITIALIZED_AUTOS = YES_AGGRESSIVE;
				GCC_WARN_UNUSED_FUNCTION = YES;
				GCC_WARN_UNUSED_VARIABLE = YES;
				IPHONEOS_DEPLOYMENT_TARGET = 9.3;
				MTL_ENABLE_DEBUG_INFO = YES;
				ONLY_ACTIVE_ARCH = YES;
				SDKROOT = iphoneos;
				SWIFT_OPTIMIZATION_LEVEL = "-Onone";
			};
			name = Debug;
		};
		72349B601CDDFBA4002B3B84 /* Release */ = {
			isa = XCBuildConfiguration;
			buildSettings = {
				ALWAYS_SEARCH_USER_PATHS = NO;
				CLANG_ANALYZER_NONNULL = YES;
				CLANG_CXX_LANGUAGE_STANDARD = "gnu++0x";
				CLANG_CXX_LIBRARY = "libc++";
				CLANG_ENABLE_MODULES = YES;
				CLANG_ENABLE_OBJC_ARC = YES;
				CLANG_WARN_BOOL_CONVERSION = YES;
				CLANG_WARN_CONSTANT_CONVERSION = YES;
				CLANG_WARN_DIRECT_OBJC_ISA_USAGE = YES_ERROR;
				CLANG_WARN_EMPTY_BODY = YES;
				CLANG_WARN_ENUM_CONVERSION = YES;
				CLANG_WARN_INFINITE_RECURSION = YES;
				CLANG_WARN_INT_CONVERSION = YES;
				CLANG_WARN_OBJC_ROOT_CLASS = YES_ERROR;
				CLANG_WARN_SUSPICIOUS_MOVE = YES;
				CLANG_WARN_UNREACHABLE_CODE = YES;
				CLANG_WARN__DUPLICATE_METHOD_MATCH = YES;
				"CODE_SIGN_IDENTITY[sdk=iphoneos*]" = "iPhone Developer";
				COPY_PHASE_STRIP = NO;
				DEBUG_INFORMATION_FORMAT = "dwarf-with-dsym";
				ENABLE_NS_ASSERTIONS = NO;
				ENABLE_STRICT_OBJC_MSGSEND = YES;
				GCC_C_LANGUAGE_STANDARD = gnu99;
				GCC_NO_COMMON_BLOCKS = YES;
				GCC_WARN_64_TO_32_BIT_CONVERSION = YES;
				GCC_WARN_ABOUT_RETURN_TYPE = YES_ERROR;
				GCC_WARN_UNDECLARED_SELECTOR = YES;
				GCC_WARN_UNINITIALIZED_AUTOS = YES_AGGRESSIVE;
				GCC_WARN_UNUSED_FUNCTION = YES;
				GCC_WARN_UNUSED_VARIABLE = YES;
				IPHONEOS_DEPLOYMENT_TARGET = 9.3;
				MTL_ENABLE_DEBUG_INFO = NO;
				SDKROOT = iphoneos;
				SWIFT_OPTIMIZATION_LEVEL = "-Owholemodule";
				VALIDATE_PRODUCT = YES;
			};
			name = Release;
		};
		72349B621CDDFBA4002B3B84 /* Debug */ = {
			isa = XCBuildConfiguration;
			baseConfigurationReference = A4B27EEDC961B8A3FCC99D4B /* Pods-Sport.debug.xcconfig */;
			buildSettings = {
				ALWAYS_EMBED_SWIFT_STANDARD_LIBRARIES = YES;
				ASSETCATALOG_COMPILER_APPICON_NAME = AppIcon;
				CODE_SIGN_IDENTITY = "iPhone Developer";
				"CODE_SIGN_IDENTITY[sdk=iphoneos*]" = "iPhone Developer";
				DEBUG_INFORMATION_FORMAT = "dwarf-with-dsym";
				DEVELOPMENT_TEAM = L8GZZ588QM;
				ENABLE_BITCODE = NO;
				FRAMEWORK_SEARCH_PATHS = (
					"$(inherited)",
					"$(PROJECT_DIR)/Sport/Frameworks",
					"$(PROJECT_DIR)/Sport/Libraries",
				);
				HEADER_SEARCH_PATHS = (
					"$(inherited)",
					"\"${PODS_ROOT}/Headers/Public\"",
					"\"${PODS_ROOT}/Headers/Public/Crashlytics\"",
					"\"${PODS_ROOT}/Headers/Public/Fabric\"",
					"$(SRCROOT)/Sport/Libraries/Essentia/include/**",
					/usr/local/include,
					/usr/local,
				);
				INFOPLIST_FILE = Sport/Info.plist;
				IPHONEOS_DEPLOYMENT_TARGET = 9.0;
				LD_RUNPATH_SEARCH_PATHS = "$(inherited) @executable_path/Frameworks";
				LIBRARY_SEARCH_PATHS = (
					"$(inherited)",
					"$(PROJECT_DIR)/Sport/Libraries/Essentia",
					/usr/local/lib,
					/usr/local,
					"$(PROJECT_DIR)/Sport/Libraries",
				);
				OTHER_CFLAGS = (
					"$(inherited)",
					"-iquote",
					"\"$PODS_CONFIGURATION_BUILD_DIR/MBCircularProgressBar/MBCircularProgressBar.framework/Headers\"",
					"-iquote",
					"\"$PODS_CONFIGURATION_BUILD_DIR/MBProgressHUD/MBProgressHUD.framework/Headers\"",
					"-iquote",
					"\"$PODS_CONFIGURATION_BUILD_DIR/Realm/Realm.framework/Headers\"",
					"-iquote",
					"\"$PODS_CONFIGURATION_BUILD_DIR/RealmSwift/RealmSwift.framework/Headers\"",
					"-iquote",
					"\"$PODS_CONFIGURATION_BUILD_DIR/SnapKit/SnapKit.framework/Headers\"",
					"-isystem",
					"\"${PODS_ROOT}/Headers/Public\"",
					"-isystem",
					"\"${PODS_ROOT}/Headers/Public/Crashlytics\"",
					"-isystem",
					"\"${PODS_ROOT}/Headers/Public/Fabric\"",
					"-v",
				);
				PRODUCT_BUNDLE_IDENTIFIER = com.tiennth.Sport;
				PRODUCT_NAME = "$(TARGET_NAME)";
				PROVISIONING_PROFILE = "";
				SWIFT_OBJC_BRIDGING_HEADER = "$(PROJECT_DIR)/Sport/BridgingHeader.h";
				SWIFT_VERSION = 3.0;
				TARGETED_DEVICE_FAMILY = "1,2";
			};
			name = Debug;
		};
		72349B631CDDFBA4002B3B84 /* Release */ = {
			isa = XCBuildConfiguration;
			baseConfigurationReference = 9817230583463F6DD3301FF7 /* Pods-Sport.release.xcconfig */;
			buildSettings = {
				ALWAYS_EMBED_SWIFT_STANDARD_LIBRARIES = YES;
				ASSETCATALOG_COMPILER_APPICON_NAME = AppIcon;
				CODE_SIGN_IDENTITY = "iPhone Developer";
				"CODE_SIGN_IDENTITY[sdk=iphoneos*]" = "iPhone Developer";
				DEVELOPMENT_TEAM = L8GZZ588QM;
				ENABLE_BITCODE = NO;
				FRAMEWORK_SEARCH_PATHS = (
					"$(inherited)",
					"$(PROJECT_DIR)/Sport/Frameworks",
					"$(PROJECT_DIR)/Sport/Libraries",
				);
				HEADER_SEARCH_PATHS = (
					"$(inherited)",
					"\"${PODS_ROOT}/Headers/Public\"",
					"\"${PODS_ROOT}/Headers/Public/Crashlytics\"",
					"\"${PODS_ROOT}/Headers/Public/Fabric\"",
					"$(SRCROOT)/Sport/Libraries/Essentia/include/**",
					/usr/local/include,
					/usr/local,
				);
				INFOPLIST_FILE = Sport/Info.plist;
				IPHONEOS_DEPLOYMENT_TARGET = 9.0;
				LD_RUNPATH_SEARCH_PATHS = "$(inherited) @executable_path/Frameworks";
				LIBRARY_SEARCH_PATHS = (
					"$(inherited)",
					"$(PROJECT_DIR)/Sport/Libraries/Essentia",
					/usr/local/lib,
					/usr/local,
					"$(PROJECT_DIR)/Sport/Libraries",
				);
				OTHER_CFLAGS = (
					"$(inherited)",
					"-iquote",
					"\"$PODS_CONFIGURATION_BUILD_DIR/MBCircularProgressBar/MBCircularProgressBar.framework/Headers\"",
					"-iquote",
					"\"$PODS_CONFIGURATION_BUILD_DIR/MBProgressHUD/MBProgressHUD.framework/Headers\"",
					"-iquote",
					"\"$PODS_CONFIGURATION_BUILD_DIR/Realm/Realm.framework/Headers\"",
					"-iquote",
					"\"$PODS_CONFIGURATION_BUILD_DIR/RealmSwift/RealmSwift.framework/Headers\"",
					"-iquote",
					"\"$PODS_CONFIGURATION_BUILD_DIR/SnapKit/SnapKit.framework/Headers\"",
					"-isystem",
					"\"${PODS_ROOT}/Headers/Public\"",
					"-isystem",
					"\"${PODS_ROOT}/Headers/Public/Crashlytics\"",
					"-isystem",
					"\"${PODS_ROOT}/Headers/Public/Fabric\"",
					"-v",
				);
				PRODUCT_BUNDLE_IDENTIFIER = com.tiennth.Sport;
				PRODUCT_NAME = "$(TARGET_NAME)";
				PROVISIONING_PROFILE = "";
				SWIFT_OBJC_BRIDGING_HEADER = "$(PROJECT_DIR)/Sport/BridgingHeader.h";
				SWIFT_VERSION = 3.0;
				TARGETED_DEVICE_FAMILY = "1,2";
			};
			name = Release;
		};
/* End XCBuildConfiguration section */

/* Begin XCConfigurationList section */
		72349B4A1CDDFBA4002B3B84 /* Build configuration list for PBXProject "Sport" */ = {
			isa = XCConfigurationList;
			buildConfigurations = (
				72349B5F1CDDFBA4002B3B84 /* Debug */,
				72349B601CDDFBA4002B3B84 /* Release */,
			);
			defaultConfigurationIsVisible = 0;
			defaultConfigurationName = Release;
		};
		72349B611CDDFBA4002B3B84 /* Build configuration list for PBXNativeTarget "Sport" */ = {
			isa = XCConfigurationList;
			buildConfigurations = (
				72349B621CDDFBA4002B3B84 /* Debug */,
				72349B631CDDFBA4002B3B84 /* Release */,
			);
			defaultConfigurationIsVisible = 0;
			defaultConfigurationName = Release;
		};
/* End XCConfigurationList section */
	};
	rootObject = 72349B471CDDFBA4002B3B84 /* Project object */;
}
