PODS:
  - AudioKit (3.5)
  - Crashlytics (3.8.3):
    - Fabric (~> 1.6.3)
  - Fabric (1.6.11)
  - MBCircularProgressBar (0.3.5)
  - MBProgressHUD (1.0.0)
  - Realm (2.1.0):
    - Realm/Headers (= 2.1.0)
  - Realm/Headers (2.1.0)
  - RealmSwift (2.1.0):
    - Realm (= 2.1.0)

DEPENDENCIES:
  - AudioKit (~> 3.5)
  - Crashlytics
  - Fabric
  - MBCircularProgressBar
  - MBProgressHUD
  - RealmSwift

SPEC CHECKSUMS:
  AudioKit: 775885f735260c25f4f2c3c0601e79ae49900831
  Crashlytics: 2b6dbe138a42395577cfa73dfa1aa7248cadf39e
  Fabric: 5911403591946b8228ab1c51d98f1d7137e863c6
  MBCircularProgressBar: 0b795b722a5eb5b0923822f90474e2576a1a7855
  MBProgressHUD: 4890f671c94e8a0f3cf959aa731e9de2f036d71a
  Realm: bc829ad0ef3d4eea70c34cfcc3b1704d18d50df1
  RealmSwift: a4d4abbf0088c337cab5b738054395842e4b3052

PODFILE CHECKSUM: 52e3b5750bd83e4af0c7e9db0a057b692aea214e

COCOAPODS: 1.1.1
